// !$*UTF8*$!
{
	archiveVersion = 1;
	classes = {
	};
	objectVersion = 50;
	objects = {

/* Begin PBXBuildFile section */
		F4655E7D20EE1BA200A2D842 /* libavcodec.a in Frameworks */ = {isa = PBXBuildFile; fileRef = F4829D7A20ECA84A00B34AE0 /* libavcodec.a */; };
		F4655E7E20EE1BA200A2D842 /* libavformat.a in Frameworks */ = {isa = PBXBuildFile; fileRef = F4829D7B20ECA84A00B34AE0 /* libavformat.a */; };
		F4655E7F20EE1BA200A2D842 /* libavutil.a in Frameworks */ = {isa = PBXBuildFile; fileRef = F4829D7C20ECA84A00B34AE0 /* libavutil.a */; };
		F4655E8020EE1BA200A2D842 /* libswscale.a in Frameworks */ = {isa = PBXBuildFile; fileRef = F4829D7D20ECA84A00B34AE0 /* libswscale.a */; };
		F4655E8120EE1BA200A2D842 /* libavfilter.a in Frameworks */ = {isa = PBXBuildFile; fileRef = F4829D7E20ECA84A00B34AE0 /* libavfilter.a */; };
		F4655E8220EE1BA200A2D842 /* libavdevice.a in Frameworks */ = {isa = PBXBuildFile; fileRef = F4829D7F20ECA84A00B34AE0 /* libavdevice.a */; };
		F4655E8320EE1BA200A2D842 /* libSDL2-2.0.0.dylib in Frameworks */ = {isa = PBXBuildFile; fileRef = F4829D5020EC88BA00B34AE0 /* libSDL2-2.0.0.dylib */; };
		F4655E8420EE1BA200A2D842 /* libSDL2main.a in Frameworks */ = {isa = PBXBuildFile; fileRef = F4829D3B20EC7F2A00B34AE0 /* libSDL2main.a */; };
		F4655E8E20EE1C0900A2D842 /* microphone.cpp in Sources */ = {isa = PBXBuildFile; fileRef = F4655E8B20EE1BEF00A2D842 /* microphone.cpp */; };
		F4655E9020F356FF00A2D842 /* libswresample.a in Frameworks */ = {isa = PBXBuildFile; fileRef = F4655E8F20F356FE00A2D842 /* libswresample.a */; };
		F4829D2320EC7D2700B34AE0 /* main.cpp in Sources */ = {isa = PBXBuildFile; fileRef = F4829D2220EC7D2700B34AE0 /* main.cpp */; };
		F4829D3820EC7DC700B34AE0 /* yuvplayer.cpp in Sources */ = {isa = PBXBuildFile; fileRef = F4829D3720EC7DC700B34AE0 /* yuvplayer.cpp */; };
		F4829D3D20EC7F2A00B34AE0 /* libSDL2main.a in Frameworks */ = {isa = PBXBuildFile; fileRef = F4829D3B20EC7F2A00B34AE0 /* libSDL2main.a */; };
		F4829D4E20EC885B00B34AE0 /* pcmplayer.cpp in Sources */ = {isa = PBXBuildFile; fileRef = F4829D4A20EC884700B34AE0 /* pcmplayer.cpp */; };
		F4829D4F20EC88B900B34AE0 /* libSDL2main.a in Frameworks */ = {isa = PBXBuildFile; fileRef = F4829D3B20EC7F2A00B34AE0 /* libSDL2main.a */; };
		F4829D5120EC88BA00B34AE0 /* libSDL2-2.0.0.dylib in Frameworks */ = {isa = PBXBuildFile; fileRef = F4829D5020EC88BA00B34AE0 /* libSDL2-2.0.0.dylib */; };
		F4829D5320EC891D00B34AE0 /* libSDL2-2.0.0.dylib in Frameworks */ = {isa = PBXBuildFile; fileRef = F4829D5020EC88BA00B34AE0 /* libSDL2-2.0.0.dylib */; };
		F4829D7220ECA63300B34AE0 /* libSDL2-2.0.0.dylib in Frameworks */ = {isa = PBXBuildFile; fileRef = F4829D5020EC88BA00B34AE0 /* libSDL2-2.0.0.dylib */; };
		F4829D7320ECA63300B34AE0 /* libSDL2main.a in Frameworks */ = {isa = PBXBuildFile; fileRef = F4829D3B20EC7F2A00B34AE0 /* libSDL2main.a */; };
		F4829D7920ECA65000B34AE0 /* camera.cpp in Sources */ = {isa = PBXBuildFile; fileRef = F4829D6B20ECA58A00B34AE0 /* camera.cpp */; };
		F4829D8020ECA84A00B34AE0 /* libavcodec.a in Frameworks */ = {isa = PBXBuildFile; fileRef = F4829D7A20ECA84A00B34AE0 /* libavcodec.a */; };
		F4829D8120ECA84A00B34AE0 /* libavformat.a in Frameworks */ = {isa = PBXBuildFile; fileRef = F4829D7B20ECA84A00B34AE0 /* libavformat.a */; };
		F4829D8220ECA84A00B34AE0 /* libavutil.a in Frameworks */ = {isa = PBXBuildFile; fileRef = F4829D7C20ECA84A00B34AE0 /* libavutil.a */; };
		F4829D8320ECA84A00B34AE0 /* libswscale.a in Frameworks */ = {isa = PBXBuildFile; fileRef = F4829D7D20ECA84A00B34AE0 /* libswscale.a */; };
		F4829D8420ECA84A00B34AE0 /* libavfilter.a in Frameworks */ = {isa = PBXBuildFile; fileRef = F4829D7E20ECA84A00B34AE0 /* libavfilter.a */; };
		F4829D8520ECA84A00B34AE0 /* libavdevice.a in Frameworks */ = {isa = PBXBuildFile; fileRef = F4829D7F20ECA84A00B34AE0 /* libavdevice.a */; };
		F4AA9B9A210095A7009F11DE /* simplevp8.cpp in Sources */ = {isa = PBXBuildFile; fileRef = F4AA9B98210095A6009F11DE /* simplevp8.cpp */; };
		F4AA9B9E210095B2009F11DE /* libvpx.a in Frameworks */ = {isa = PBXBuildFile; fileRef = F4CB082720FDF1AC00E69690 /* libvpx.a */; };
		F4AA9B9F210095B2009F11DE /* libswresample.a in Frameworks */ = {isa = PBXBuildFile; fileRef = F4655E8F20F356FE00A2D842 /* libswresample.a */; };
		F4AA9BA0210095B2009F11DE /* libavcodec.a in Frameworks */ = {isa = PBXBuildFile; fileRef = F4829D7A20ECA84A00B34AE0 /* libavcodec.a */; };
		F4AA9BA1210095B2009F11DE /* libavformat.a in Frameworks */ = {isa = PBXBuildFile; fileRef = F4829D7B20ECA84A00B34AE0 /* libavformat.a */; };
		F4AA9BA2210095B2009F11DE /* libavutil.a in Frameworks */ = {isa = PBXBuildFile; fileRef = F4829D7C20ECA84A00B34AE0 /* libavutil.a */; };
		F4AA9BA3210095B2009F11DE /* libswscale.a in Frameworks */ = {isa = PBXBuildFile; fileRef = F4829D7D20ECA84A00B34AE0 /* libswscale.a */; };
		F4AA9BA4210095B2009F11DE /* libavfilter.a in Frameworks */ = {isa = PBXBuildFile; fileRef = F4829D7E20ECA84A00B34AE0 /* libavfilter.a */; };
		F4AA9BA5210095B2009F11DE /* libavdevice.a in Frameworks */ = {isa = PBXBuildFile; fileRef = F4829D7F20ECA84A00B34AE0 /* libavdevice.a */; };
		F4AA9BA6210095B2009F11DE /* libSDL2-2.0.0.dylib in Frameworks */ = {isa = PBXBuildFile; fileRef = F4829D5020EC88BA00B34AE0 /* libSDL2-2.0.0.dylib */; };
		F4AA9BA7210095B2009F11DE /* libSDL2main.a in Frameworks */ = {isa = PBXBuildFile; fileRef = F4829D3B20EC7F2A00B34AE0 /* libSDL2main.a */; };
		F4AA9BAD210095FB009F11DE /* simplevp8.cpp in Sources */ = {isa = PBXBuildFile; fileRef = F4AA9B98210095A6009F11DE /* simplevp8.cpp */; };
		F4AA9BAF21019FFC009F11DE /* libSDL2_ttf.a in Frameworks */ = {isa = PBXBuildFile; fileRef = F4AA9BAE21019FFC009F11DE /* libSDL2_ttf.a */; };
/* End PBXBuildFile section */

/* Begin PBXCopyFilesBuildPhase section */
		F4655E8520EE1BA200A2D842 /* CopyFiles */ = {
			isa = PBXCopyFilesBuildPhase;
			buildActionMask = 2147483647;
			dstPath = /usr/share/man/man1/;
			dstSubfolderSpec = 0;
			files = (
			);
			runOnlyForDeploymentPostprocessing = 1;
		};
		F4829D1D20EC7D2700B34AE0 /* CopyFiles */ = {
			isa = PBXCopyFilesBuildPhase;
			buildActionMask = 2147483647;
			dstPath = /usr/share/man/man1/;
			dstSubfolderSpec = 0;
			files = (
			);
			runOnlyForDeploymentPostprocessing = 1;
		};
		F4829D2B20EC7D8C00B34AE0 /* CopyFiles */ = {
			isa = PBXCopyFilesBuildPhase;
			buildActionMask = 2147483647;
			dstPath = /usr/share/man/man1/;
			dstSubfolderSpec = 0;
			files = (
			);
			runOnlyForDeploymentPostprocessing = 1;
		};
		F4829D4020EC883600B34AE0 /* CopyFiles */ = {
			isa = PBXCopyFilesBuildPhase;
			buildActionMask = 2147483647;
			dstPath = /usr/share/man/man1/;
			dstSubfolderSpec = 0;
			files = (
			);
			runOnlyForDeploymentPostprocessing = 1;
		};
		F4829D7420ECA63300B34AE0 /* CopyFiles */ = {
			isa = PBXCopyFilesBuildPhase;
			buildActionMask = 2147483647;
			dstPath = /usr/share/man/man1/;
			dstSubfolderSpec = 0;
			files = (
			);
			runOnlyForDeploymentPostprocessing = 1;
		};
		F4AA9BA8210095B2009F11DE /* CopyFiles */ = {
			isa = PBXCopyFilesBuildPhase;
			buildActionMask = 2147483647;
			dstPath = /usr/share/man/man1/;
			dstSubfolderSpec = 0;
			files = (
			);
			runOnlyForDeploymentPostprocessing = 1;
		};
/* End PBXCopyFilesBuildPhase section */

/* Begin PBXFileReference section */
		F4655E8920EE1BA200A2D842 /* 040-Microphone */ = {isa = PBXFileReference; explicitFileType = "compiled.mach-o.executable"; includeInIndex = 0; path = "040-Microphone"; sourceTree = BUILT_PRODUCTS_DIR; };
		F4655E8B20EE1BEF00A2D842 /* microphone.cpp */ = {isa = PBXFileReference; fileEncoding = 4; lastKnownFileType = sourcecode.cpp.cpp; path = microphone.cpp; sourceTree = "<group>"; };
		F4655E8C20EE1BEF00A2D842 /* build_and_run.sh */ = {isa = PBXFileReference; fileEncoding = 4; lastKnownFileType = text.script.sh; path = build_and_run.sh; sourceTree = "<group>"; };
		F4655E8F20F356FE00A2D842 /* libswresample.a */ = {isa = PBXFileReference; lastKnownFileType = archive.ar; name = libswresample.a; path = ../../../../../../../../../../usr/local/Cellar/ffmpeg/3.3/lib/libswresample.a; sourceTree = "<group>"; };
		F4829D1F20EC7D2700B34AE0 /* LearningRTC */ = {isa = PBXFileReference; explicitFileType = "compiled.mach-o.executable"; includeInIndex = 0; path = LearningRTC; sourceTree = BUILT_PRODUCTS_DIR; };
		F4829D2220EC7D2700B34AE0 /* main.cpp */ = {isa = PBXFileReference; lastKnownFileType = sourcecode.cpp.cpp; path = main.cpp; sourceTree = "<group>"; };
		F4829D2D20EC7D8C00B34AE0 /* 010-YUVPlayer */ = {isa = PBXFileReference; explicitFileType = "compiled.mach-o.executable"; includeInIndex = 0; path = "010-YUVPlayer"; sourceTree = BUILT_PRODUCTS_DIR; };
		F4829D3620EC7DC700B34AE0 /* build_and_run.sh */ = {isa = PBXFileReference; fileEncoding = 4; lastKnownFileType = text.script.sh; path = build_and_run.sh; sourceTree = "<group>"; };
		F4829D3720EC7DC700B34AE0 /* yuvplayer.cpp */ = {isa = PBXFileReference; fileEncoding = 4; lastKnownFileType = sourcecode.cpp.cpp; path = yuvplayer.cpp; sourceTree = "<group>"; };
		F4829D3A20EC7F2A00B34AE0 /* libSDL2.a */ = {isa = PBXFileReference; lastKnownFileType = archive.ar; name = libSDL2.a; path = ../../../../../../../../../../usr/local/Cellar/sdl2/2.0.5/lib/libSDL2.a; sourceTree = "<group>"; };
		F4829D3B20EC7F2A00B34AE0 /* libSDL2main.a */ = {isa = PBXFileReference; lastKnownFileType = archive.ar; name = libSDL2main.a; path = ../../../../../../../../../../usr/local/Cellar/sdl2/2.0.5/lib/libSDL2main.a; sourceTree = "<group>"; };
		F4829D4220EC883600B34AE0 /* 020-PCMPlayer */ = {isa = PBXFileReference; explicitFileType = "compiled.mach-o.executable"; includeInIndex = 0; path = "020-PCMPlayer"; sourceTree = BUILT_PRODUCTS_DIR; };
		F4829D4A20EC884700B34AE0 /* pcmplayer.cpp */ = {isa = PBXFileReference; fileEncoding = 4; lastKnownFileType = sourcecode.cpp.cpp; path = pcmplayer.cpp; sourceTree = "<group>"; };
		F4829D4C20EC884700B34AE0 /* build_and_run.sh */ = {isa = PBXFileReference; fileEncoding = 4; lastKnownFileType = text.script.sh; path = build_and_run.sh; sourceTree = "<group>"; };
		F4829D5020EC88BA00B34AE0 /* libSDL2-2.0.0.dylib */ = {isa = PBXFileReference; lastKnownFileType = "compiled.mach-o.dylib"; name = "libSDL2-2.0.0.dylib"; path = "../../../../../../../../../../usr/local/Cellar/sdl2/2.0.5/lib/libSDL2-2.0.0.dylib"; sourceTree = "<group>"; };
		F4829D6B20ECA58A00B34AE0 /* camera.cpp */ = {isa = PBXFileReference; fileEncoding = 4; lastKnownFileType = sourcecode.cpp.cpp; path = camera.cpp; sourceTree = "<group>"; };
		F4829D7820ECA63300B34AE0 /* 030-Camera */ = {isa = PBXFileReference; explicitFileType = "compiled.mach-o.executable"; includeInIndex = 0; path = "030-Camera"; sourceTree = BUILT_PRODUCTS_DIR; };
		F4829D7A20ECA84A00B34AE0 /* libavcodec.a */ = {isa = PBXFileReference; lastKnownFileType = archive.ar; name = libavcodec.a; path = ../../../../../../../../../../usr/local/Cellar/ffmpeg/3.3/lib/libavcodec.a; sourceTree = "<group>"; };
		F4829D7B20ECA84A00B34AE0 /* libavformat.a */ = {isa = PBXFileReference; lastKnownFileType = archive.ar; name = libavformat.a; path = ../../../../../../../../../../usr/local/Cellar/ffmpeg/3.3/lib/libavformat.a; sourceTree = "<group>"; };
		F4829D7C20ECA84A00B34AE0 /* libavutil.a */ = {isa = PBXFileReference; lastKnownFileType = archive.ar; name = libavutil.a; path = ../../../../../../../../../../usr/local/Cellar/ffmpeg/3.3/lib/libavutil.a; sourceTree = "<group>"; };
		F4829D7D20ECA84A00B34AE0 /* libswscale.a */ = {isa = PBXFileReference; lastKnownFileType = archive.ar; name = libswscale.a; path = ../../../../../../../../../../usr/local/Cellar/ffmpeg/3.3/lib/libswscale.a; sourceTree = "<group>"; };
		F4829D7E20ECA84A00B34AE0 /* libavfilter.a */ = {isa = PBXFileReference; lastKnownFileType = archive.ar; name = libavfilter.a; path = ../../../../../../../../../../usr/local/Cellar/ffmpeg/3.3/lib/libavfilter.a; sourceTree = "<group>"; };
		F4829D7F20ECA84A00B34AE0 /* libavdevice.a */ = {isa = PBXFileReference; lastKnownFileType = archive.ar; name = libavdevice.a; path = ../../../../../../../../../../usr/local/Cellar/ffmpeg/3.3/lib/libavdevice.a; sourceTree = "<group>"; };
		F4829D8620EDF4FE00B34AE0 /* build_and_run.sh */ = {isa = PBXFileReference; fileEncoding = 4; lastKnownFileType = text.script.sh; path = build_and_run.sh; sourceTree = "<group>"; };
		F4AA9B98210095A6009F11DE /* simplevp8.cpp */ = {isa = PBXFileReference; fileEncoding = 4; lastKnownFileType = sourcecode.cpp.cpp; path = simplevp8.cpp; sourceTree = "<group>"; };
		F4AA9B99210095A6009F11DE /* build_and_run.sh */ = {isa = PBXFileReference; fileEncoding = 4; lastKnownFileType = text.script.sh; path = build_and_run.sh; sourceTree = "<group>"; };
		F4AA9BAC210095B2009F11DE /* 050-SimpleVP8 */ = {isa = PBXFileReference; explicitFileType = "compiled.mach-o.executable"; includeInIndex = 0; path = "050-SimpleVP8"; sourceTree = BUILT_PRODUCTS_DIR; };
		F4AA9BAE21019FFC009F11DE /* libSDL2_ttf.a */ = {isa = PBXFileReference; lastKnownFileType = archive.ar; name = libSDL2_ttf.a; path = ../../../../../../../../../../usr/local/Cellar/sdl2_ttf/2.0.14/lib/libSDL2_ttf.a; sourceTree = "<group>"; };
		F4CB082720FDF1AC00E69690 /* libvpx.a */ = {isa = PBXFileReference; lastKnownFileType = archive.ar; name = libvpx.a; path = ../../../../../../../../../../usr/local/Cellar/libvpx/1.6.1/lib/libvpx.a; sourceTree = "<group>"; };
/* End PBXFileReference section */

/* Begin PBXFrameworksBuildPhase section */
		F4655E7C20EE1BA200A2D842 /* Frameworks */ = {
			isa = PBXFrameworksBuildPhase;
			buildActionMask = 2147483647;
			files = (
				F4655E9020F356FF00A2D842 /* libswresample.a in Frameworks */,
				F4655E7D20EE1BA200A2D842 /* libavcodec.a in Frameworks */,
				F4655E7E20EE1BA200A2D842 /* libavformat.a in Frameworks */,
				F4655E7F20EE1BA200A2D842 /* libavutil.a in Frameworks */,
				F4655E8020EE1BA200A2D842 /* libswscale.a in Frameworks */,
				F4655E8120EE1BA200A2D842 /* libavfilter.a in Frameworks */,
				F4655E8220EE1BA200A2D842 /* libavdevice.a in Frameworks */,
				F4655E8320EE1BA200A2D842 /* libSDL2-2.0.0.dylib in Frameworks */,
				F4655E8420EE1BA200A2D842 /* libSDL2main.a in Frameworks */,
			);
			runOnlyForDeploymentPostprocessing = 0;
		};
		F4829D1C20EC7D2700B34AE0 /* Frameworks */ = {
			isa = PBXFrameworksBuildPhase;
			buildActionMask = 2147483647;
			files = (
			);
			runOnlyForDeploymentPostprocessing = 0;
		};
		F4829D2A20EC7D8C00B34AE0 /* Frameworks */ = {
			isa = PBXFrameworksBuildPhase;
			buildActionMask = 2147483647;
			files = (
				F4829D5320EC891D00B34AE0 /* libSDL2-2.0.0.dylib in Frameworks */,
				F4829D3D20EC7F2A00B34AE0 /* libSDL2main.a in Frameworks */,
			);
			runOnlyForDeploymentPostprocessing = 0;
		};
		F4829D3F20EC883600B34AE0 /* Frameworks */ = {
			isa = PBXFrameworksBuildPhase;
			buildActionMask = 2147483647;
			files = (
				F4829D5120EC88BA00B34AE0 /* libSDL2-2.0.0.dylib in Frameworks */,
				F4829D4F20EC88B900B34AE0 /* libSDL2main.a in Frameworks */,
			);
			runOnlyForDeploymentPostprocessing = 0;
		};
		F4829D7120ECA63300B34AE0 /* Frameworks */ = {
			isa = PBXFrameworksBuildPhase;
			buildActionMask = 2147483647;
			files = (
				F4829D8020ECA84A00B34AE0 /* libavcodec.a in Frameworks */,
				F4829D8120ECA84A00B34AE0 /* libavformat.a in Frameworks */,
				F4829D8220ECA84A00B34AE0 /* libavutil.a in Frameworks */,
				F4829D8320ECA84A00B34AE0 /* libswscale.a in Frameworks */,
				F4829D8420ECA84A00B34AE0 /* libavfilter.a in Frameworks */,
				F4829D8520ECA84A00B34AE0 /* libavdevice.a in Frameworks */,
				F4829D7220ECA63300B34AE0 /* libSDL2-2.0.0.dylib in Frameworks */,
				F4829D7320ECA63300B34AE0 /* libSDL2main.a in Frameworks */,
			);
			runOnlyForDeploymentPostprocessing = 0;
		};
		F4AA9B9D210095B2009F11DE /* Frameworks */ = {
			isa = PBXFrameworksBuildPhase;
			buildActionMask = 2147483647;
			files = (
				F4AA9BAF21019FFC009F11DE /* libSDL2_ttf.a in Frameworks */,
				F4AA9B9E210095B2009F11DE /* libvpx.a in Frameworks */,
				F4AA9B9F210095B2009F11DE /* libswresample.a in Frameworks */,
				F4AA9BA0210095B2009F11DE /* libavcodec.a in Frameworks */,
				F4AA9BA1210095B2009F11DE /* libavformat.a in Frameworks */,
				F4AA9BA2210095B2009F11DE /* libavutil.a in Frameworks */,
				F4AA9BA3210095B2009F11DE /* libswscale.a in Frameworks */,
				F4AA9BA4210095B2009F11DE /* libavfilter.a in Frameworks */,
				F4AA9BA5210095B2009F11DE /* libavdevice.a in Frameworks */,
				F4AA9BA6210095B2009F11DE /* libSDL2-2.0.0.dylib in Frameworks */,
				F4AA9BA7210095B2009F11DE /* libSDL2main.a in Frameworks */,
			);
			runOnlyForDeploymentPostprocessing = 0;
		};
/* End PBXFrameworksBuildPhase section */

/* Begin PBXGroup section */
		F4655E8A20EE1BEF00A2D842 /* 040-microphone */ = {
			isa = PBXGroup;
			children = (
				F4655E8B20EE1BEF00A2D842 /* microphone.cpp */,
				F4655E8C20EE1BEF00A2D842 /* build_and_run.sh */,
			);
			name = "040-microphone";
			path = "../040-microphone";
			sourceTree = "<group>";
		};
		F4829D1620EC7D2700B34AE0 = {
			isa = PBXGroup;
			children = (
				F4829D3420EC7DC700B34AE0 /* 010-yuvplayer */,
				F4829D4920EC884700B34AE0 /* 020-pcmplayer */,
				F4829D6A20ECA58A00B34AE0 /* 030-camera */,
				F4655E8A20EE1BEF00A2D842 /* 040-microphone */,
				F4AA9B97210095A6009F11DE /* 050-simplevp8 */,
				F4829D3920EC7F2900B34AE0 /* Frameworks */,
				F4829D2120EC7D2700B34AE0 /* LearningRTC */,
				F4829D2020EC7D2700B34AE0 /* Products */,
			);
			sourceTree = "<group>";
		};
		F4829D2020EC7D2700B34AE0 /* Products */ = {
			isa = PBXGroup;
			children = (
				F4829D1F20EC7D2700B34AE0 /* LearningRTC */,
				F4829D2D20EC7D8C00B34AE0 /* 010-YUVPlayer */,
				F4829D4220EC883600B34AE0 /* 020-PCMPlayer */,
				F4829D7820ECA63300B34AE0 /* 030-Camera */,
				F4655E8920EE1BA200A2D842 /* 040-Microphone */,
				F4AA9BAC210095B2009F11DE /* 050-SimpleVP8 */,
			);
			name = Products;
			sourceTree = "<group>";
		};
		F4829D2120EC7D2700B34AE0 /* LearningRTC */ = {
			isa = PBXGroup;
			children = (
				F4829D2220EC7D2700B34AE0 /* main.cpp */,
			);
			path = LearningRTC;
			sourceTree = "<group>";
		};
		F4829D3420EC7DC700B34AE0 /* 010-yuvplayer */ = {
			isa = PBXGroup;
			children = (
				F4829D3720EC7DC700B34AE0 /* yuvplayer.cpp */,
				F4829D3620EC7DC700B34AE0 /* build_and_run.sh */,
			);
			name = "010-yuvplayer";
			path = "../010-yuvplayer";
			sourceTree = "<group>";
		};
		F4829D3920EC7F2900B34AE0 /* Frameworks */ = {
			isa = PBXGroup;
			children = (
				F4AA9BAE21019FFC009F11DE /* libSDL2_ttf.a */,
				F4CB082720FDF1AC00E69690 /* libvpx.a */,
				F4655E8F20F356FE00A2D842 /* libswresample.a */,
				F4829D7A20ECA84A00B34AE0 /* libavcodec.a */,
				F4829D7F20ECA84A00B34AE0 /* libavdevice.a */,
				F4829D7E20ECA84A00B34AE0 /* libavfilter.a */,
				F4829D7B20ECA84A00B34AE0 /* libavformat.a */,
				F4829D7C20ECA84A00B34AE0 /* libavutil.a */,
				F4829D7D20ECA84A00B34AE0 /* libswscale.a */,
				F4829D5020EC88BA00B34AE0 /* libSDL2-2.0.0.dylib */,
				F4829D3A20EC7F2A00B34AE0 /* libSDL2.a */,
				F4829D3B20EC7F2A00B34AE0 /* libSDL2main.a */,
			);
			name = Frameworks;
			sourceTree = "<group>";
		};
		F4829D4920EC884700B34AE0 /* 020-pcmplayer */ = {
			isa = PBXGroup;
			children = (
				F4829D4A20EC884700B34AE0 /* pcmplayer.cpp */,
				F4829D4C20EC884700B34AE0 /* build_and_run.sh */,
			);
			name = "020-pcmplayer";
			path = "../020-pcmplayer";
			sourceTree = "<group>";
		};
		F4829D6A20ECA58A00B34AE0 /* 030-camera */ = {
			isa = PBXGroup;
			children = (
				F4829D6B20ECA58A00B34AE0 /* camera.cpp */,
				F4829D8620EDF4FE00B34AE0 /* build_and_run.sh */,
			);
			name = "030-camera";
			path = "../030-camera";
			sourceTree = "<group>";
		};
		F4AA9B97210095A6009F11DE /* 050-simplevp8 */ = {
			isa = PBXGroup;
			children = (
				F4AA9B98210095A6009F11DE /* simplevp8.cpp */,
				F4AA9B99210095A6009F11DE /* build_and_run.sh */,
			);
			name = "050-simplevp8";
			path = "../050-simplevp8";
			sourceTree = "<group>";
		};
/* End PBXGroup section */

/* Begin PBXNativeTarget section */
		F4655E7920EE1BA200A2D842 /* 040-Microphone */ = {
			isa = PBXNativeTarget;
			buildConfigurationList = F4655E8620EE1BA200A2D842 /* Build configuration list for PBXNativeTarget "040-Microphone" */;
			buildPhases = (
				F4655E7A20EE1BA200A2D842 /* Sources */,
				F4655E7C20EE1BA200A2D842 /* Frameworks */,
				F4655E8520EE1BA200A2D842 /* CopyFiles */,
			);
			buildRules = (
			);
			dependencies = (
			);
			name = "040-Microphone";
			productName = pcmplayer;
			productReference = F4655E8920EE1BA200A2D842 /* 040-Microphone */;
			productType = "com.apple.product-type.tool";
		};
		F4829D1E20EC7D2700B34AE0 /* LearningRTC */ = {
			isa = PBXNativeTarget;
			buildConfigurationList = F4829D2620EC7D2700B34AE0 /* Build configuration list for PBXNativeTarget "LearningRTC" */;
			buildPhases = (
				F4829D1B20EC7D2700B34AE0 /* Sources */,
				F4829D1C20EC7D2700B34AE0 /* Frameworks */,
				F4829D1D20EC7D2700B34AE0 /* CopyFiles */,
			);
			buildRules = (
			);
			dependencies = (
			);
			name = LearningRTC;
			productName = LearningRTC;
			productReference = F4829D1F20EC7D2700B34AE0 /* LearningRTC */;
			productType = "com.apple.product-type.tool";
		};
		F4829D2C20EC7D8C00B34AE0 /* 010-YUVPlayer */ = {
			isa = PBXNativeTarget;
			buildConfigurationList = F4829D3320EC7D8D00B34AE0 /* Build configuration list for PBXNativeTarget "010-YUVPlayer" */;
			buildPhases = (
				F4829D2920EC7D8C00B34AE0 /* Sources */,
				F4829D2A20EC7D8C00B34AE0 /* Frameworks */,
				F4829D2B20EC7D8C00B34AE0 /* CopyFiles */,
			);
			buildRules = (
			);
			dependencies = (
			);
			name = "010-YUVPlayer";
			productName = yuvplayer;
			productReference = F4829D2D20EC7D8C00B34AE0 /* 010-YUVPlayer */;
			productType = "com.apple.product-type.tool";
		};
		F4829D4120EC883600B34AE0 /* 020-PCMPlayer */ = {
			isa = PBXNativeTarget;
			buildConfigurationList = F4829D4620EC883600B34AE0 /* Build configuration list for PBXNativeTarget "020-PCMPlayer" */;
			buildPhases = (
				F4829D3E20EC883600B34AE0 /* Sources */,
				F4829D3F20EC883600B34AE0 /* Frameworks */,
				F4829D4020EC883600B34AE0 /* CopyFiles */,
			);
			buildRules = (
			);
			dependencies = (
			);
			name = "020-PCMPlayer";
			productName = pcmplayer;
			productReference = F4829D4220EC883600B34AE0 /* 020-PCMPlayer */;
			productType = "com.apple.product-type.tool";
		};
		F4829D6E20ECA63300B34AE0 /* 030-Camera */ = {
			isa = PBXNativeTarget;
			buildConfigurationList = F4829D7520ECA63300B34AE0 /* Build configuration list for PBXNativeTarget "030-Camera" */;
			buildPhases = (
				F4829D6F20ECA63300B34AE0 /* Sources */,
				F4829D7120ECA63300B34AE0 /* Frameworks */,
				F4829D7420ECA63300B34AE0 /* CopyFiles */,
			);
			buildRules = (
			);
			dependencies = (
			);
			name = "030-Camera";
			productName = pcmplayer;
			productReference = F4829D7820ECA63300B34AE0 /* 030-Camera */;
			productType = "com.apple.product-type.tool";
		};
		F4AA9B9B210095B2009F11DE /* 050-SimpleVP8 */ = {
			isa = PBXNativeTarget;
			buildConfigurationList = F4AA9BA9210095B2009F11DE /* Build configuration list for PBXNativeTarget "050-SimpleVP8" */;
			buildPhases = (
				F4AA9B9C210095B2009F11DE /* Sources */,
				F4AA9B9D210095B2009F11DE /* Frameworks */,
				F4AA9BA8210095B2009F11DE /* CopyFiles */,
			);
			buildRules = (
			);
			dependencies = (
			);
			name = "050-SimpleVP8";
			productName = pcmplayer;
			productReference = F4AA9BAC210095B2009F11DE /* 050-SimpleVP8 */;
			productType = "com.apple.product-type.tool";
		};
/* End PBXNativeTarget section */

/* Begin PBXProject section */
		F4829D1720EC7D2700B34AE0 /* Project object */ = {
			isa = PBXProject;
			attributes = {
				LastUpgradeCheck = 0930;
				ORGANIZATIONNAME = easemob;
				TargetAttributes = {
					F4829D1E20EC7D2700B34AE0 = {
						CreatedOnToolsVersion = 9.3;
					};
					F4829D2C20EC7D8C00B34AE0 = {
						CreatedOnToolsVersion = 9.3;
					};
					F4829D4120EC883600B34AE0 = {
						CreatedOnToolsVersion = 9.3;
					};
				};
			};
			buildConfigurationList = F4829D1A20EC7D2700B34AE0 /* Build configuration list for PBXProject "LearningRTC" */;
			compatibilityVersion = "Xcode 9.3";
			developmentRegion = en;
			hasScannedForEncodings = 0;
			knownRegions = (
				en,
			);
			mainGroup = F4829D1620EC7D2700B34AE0;
			productRefGroup = F4829D2020EC7D2700B34AE0 /* Products */;
			projectDirPath = "";
			projectRoot = "";
			targets = (
				F4829D1E20EC7D2700B34AE0 /* LearningRTC */,
				F4829D2C20EC7D8C00B34AE0 /* 010-YUVPlayer */,
				F4829D4120EC883600B34AE0 /* 020-PCMPlayer */,
				F4829D6E20ECA63300B34AE0 /* 030-Camera */,
				F4655E7920EE1BA200A2D842 /* 040-Microphone */,
				F4AA9B9B210095B2009F11DE /* 050-SimpleVP8 */,
			);
		};
/* End PBXProject section */

/* Begin PBXSourcesBuildPhase section */
		F4655E7A20EE1BA200A2D842 /* Sources */ = {
			isa = PBXSourcesBuildPhase;
			buildActionMask = 2147483647;
			files = (
				F4655E8E20EE1C0900A2D842 /* microphone.cpp in Sources */,
			);
			runOnlyForDeploymentPostprocessing = 0;
		};
		F4829D1B20EC7D2700B34AE0 /* Sources */ = {
			isa = PBXSourcesBuildPhase;
			buildActionMask = 2147483647;
			files = (
				F4AA9B9A210095A7009F11DE /* simplevp8.cpp in Sources */,
				F4829D2320EC7D2700B34AE0 /* main.cpp in Sources */,
			);
			runOnlyForDeploymentPostprocessing = 0;
		};
		F4829D2920EC7D8C00B34AE0 /* Sources */ = {
			isa = PBXSourcesBuildPhase;
			buildActionMask = 2147483647;
			files = (
				F4829D3820EC7DC700B34AE0 /* yuvplayer.cpp in Sources */,
			);
			runOnlyForDeploymentPostprocessing = 0;
		};
		F4829D3E20EC883600B34AE0 /* Sources */ = {
			isa = PBXSourcesBuildPhase;
			buildActionMask = 2147483647;
			files = (
				F4829D4E20EC885B00B34AE0 /* pcmplayer.cpp in Sources */,
			);
			runOnlyForDeploymentPostprocessing = 0;
		};
		F4829D6F20ECA63300B34AE0 /* Sources */ = {
			isa = PBXSourcesBuildPhase;
			buildActionMask = 2147483647;
			files = (
				F4829D7920ECA65000B34AE0 /* camera.cpp in Sources */,
			);
			runOnlyForDeploymentPostprocessing = 0;
		};
		F4AA9B9C210095B2009F11DE /* Sources */ = {
			isa = PBXSourcesBuildPhase;
			buildActionMask = 2147483647;
			files = (
				F4AA9BAD210095FB009F11DE /* simplevp8.cpp in Sources */,
			);
			runOnlyForDeploymentPostprocessing = 0;
		};
/* End PBXSourcesBuildPhase section */

/* Begin XCBuildConfiguration section */
		F4655E8720EE1BA200A2D842 /* Debug */ = {
			isa = XCBuildConfiguration;
			buildSettings = {
				CODE_SIGN_STYLE = Automatic;
				LIBRARY_SEARCH_PATHS = (
					"$(inherited)",
					/usr/local/Cellar/sdl2/2.0.5/lib,
					/usr/local/Cellar/ffmpeg/3.3/lib,
				);
				PRODUCT_NAME = "$(TARGET_NAME)";
			};
			name = Debug;
		};
		F4655E8820EE1BA200A2D842 /* Release */ = {
			isa = XCBuildConfiguration;
			buildSettings = {
				CODE_SIGN_STYLE = Automatic;
				LIBRARY_SEARCH_PATHS = (
					"$(inherited)",
					/usr/local/Cellar/sdl2/2.0.5/lib,
					/usr/local/Cellar/ffmpeg/3.3/lib,
				);
				PRODUCT_NAME = "$(TARGET_NAME)";
			};
			name = Release;
		};
		F4829D2420EC7D2700B34AE0 /* Debug */ = {
			isa = XCBuildConfiguration;
			buildSettings = {
				ALWAYS_SEARCH_USER_PATHS = NO;
				CLANG_ANALYZER_NONNULL = YES;
				CLANG_ANALYZER_NUMBER_OBJECT_CONVERSION = YES_AGGRESSIVE;
				CLANG_CXX_LANGUAGE_STANDARD = "gnu++14";
				CLANG_CXX_LIBRARY = "libc++";
				CLANG_ENABLE_MODULES = YES;
				CLANG_ENABLE_OBJC_ARC = YES;
				CLANG_ENABLE_OBJC_WEAK = YES;
				CLANG_WARN_BLOCK_CAPTURE_AUTORELEASING = YES;
				CLANG_WARN_BOOL_CONVERSION = YES;
				CLANG_WARN_COMMA = YES;
				CLANG_WARN_CONSTANT_CONVERSION = YES;
				CLANG_WARN_DEPRECATED_OBJC_IMPLEMENTATIONS = YES;
				CLANG_WARN_DIRECT_OBJC_ISA_USAGE = YES_ERROR;
				CLANG_WARN_DOCUMENTATION_COMMENTS = YES;
				CLANG_WARN_EMPTY_BODY = YES;
				CLANG_WARN_ENUM_CONVERSION = YES;
				CLANG_WARN_INFINITE_RECURSION = YES;
				CLANG_WARN_INT_CONVERSION = YES;
				CLANG_WARN_NON_LITERAL_NULL_CONVERSION = YES;
				CLANG_WARN_OBJC_IMPLICIT_RETAIN_SELF = YES;
				CLANG_WARN_OBJC_LITERAL_CONVERSION = YES;
				CLANG_WARN_OBJC_ROOT_CLASS = YES_ERROR;
				CLANG_WARN_RANGE_LOOP_ANALYSIS = YES;
				CLANG_WARN_STRICT_PROTOTYPES = YES;
				CLANG_WARN_SUSPICIOUS_MOVE = YES;
				CLANG_WARN_UNGUARDED_AVAILABILITY = YES_AGGRESSIVE;
				CLANG_WARN_UNREACHABLE_CODE = YES;
				CLANG_WARN__DUPLICATE_METHOD_MATCH = YES;
				CODE_SIGN_IDENTITY = "-";
				COPY_PHASE_STRIP = NO;
				DEBUG_INFORMATION_FORMAT = dwarf;
				ENABLE_STRICT_OBJC_MSGSEND = YES;
				ENABLE_TESTABILITY = YES;
				GCC_C_LANGUAGE_STANDARD = gnu11;
				GCC_DYNAMIC_NO_PIC = NO;
				GCC_NO_COMMON_BLOCKS = YES;
				GCC_OPTIMIZATION_LEVEL = 0;
				GCC_PREPROCESSOR_DEFINITIONS = (
					"DEBUG=1",
					"$(inherited)",
				);
				GCC_WARN_64_TO_32_BIT_CONVERSION = YES;
				GCC_WARN_ABOUT_RETURN_TYPE = YES_ERROR;
				GCC_WARN_UNDECLARED_SELECTOR = YES;
				GCC_WARN_UNINITIALIZED_AUTOS = YES_AGGRESSIVE;
				GCC_WARN_UNUSED_FUNCTION = YES;
				GCC_WARN_UNUSED_VARIABLE = YES;
				HEADER_SEARCH_PATHS = /usr/local/include;
				LIBRARY_SEARCH_PATHS = /usr/local/lib;
				MACOSX_DEPLOYMENT_TARGET = 10.13;
				MTL_ENABLE_DEBUG_INFO = YES;
				ONLY_ACTIVE_ARCH = YES;
				SDKROOT = macosx;
			};
			name = Debug;
		};
		F4829D2520EC7D2700B34AE0 /* Release */ = {
			isa = XCBuildConfiguration;
			buildSettings = {
				ALWAYS_SEARCH_USER_PATHS = NO;
				CLANG_ANALYZER_NONNULL = YES;
				CLANG_ANALYZER_NUMBER_OBJECT_CONVERSION = YES_AGGRESSIVE;
				CLANG_CXX_LANGUAGE_STANDARD = "gnu++14";
				CLANG_CXX_LIBRARY = "libc++";
				CLANG_ENABLE_MODULES = YES;
				CLANG_ENABLE_OBJC_ARC = YES;
				CLANG_ENABLE_OBJC_WEAK = YES;
				CLANG_WARN_BLOCK_CAPTURE_AUTORELEASING = YES;
				CLANG_WARN_BOOL_CONVERSION = YES;
				CLANG_WARN_COMMA = YES;
				CLANG_WARN_CONSTANT_CONVERSION = YES;
				CLANG_WARN_DEPRECATED_OBJC_IMPLEMENTATIONS = YES;
				CLANG_WARN_DIRECT_OBJC_ISA_USAGE = YES_ERROR;
				CLANG_WARN_DOCUMENTATION_COMMENTS = YES;
				CLANG_WARN_EMPTY_BODY = YES;
				CLANG_WARN_ENUM_CONVERSION = YES;
				CLANG_WARN_INFINITE_RECURSION = YES;
				CLANG_WARN_INT_CONVERSION = YES;
				CLANG_WARN_NON_LITERAL_NULL_CONVERSION = YES;
				CLANG_WARN_OBJC_IMPLICIT_RETAIN_SELF = YES;
				CLANG_WARN_OBJC_LITERAL_CONVERSION = YES;
				CLANG_WARN_OBJC_ROOT_CLASS = YES_ERROR;
				CLANG_WARN_RANGE_LOOP_ANALYSIS = YES;
				CLANG_WARN_STRICT_PROTOTYPES = YES;
				CLANG_WARN_SUSPICIOUS_MOVE = YES;
				CLANG_WARN_UNGUARDED_AVAILABILITY = YES_AGGRESSIVE;
				CLANG_WARN_UNREACHABLE_CODE = YES;
				CLANG_WARN__DUPLICATE_METHOD_MATCH = YES;
				CODE_SIGN_IDENTITY = "-";
				COPY_PHASE_STRIP = NO;
				DEBUG_INFORMATION_FORMAT = "dwarf-with-dsym";
				ENABLE_NS_ASSERTIONS = NO;
				ENABLE_STRICT_OBJC_MSGSEND = YES;
				GCC_C_LANGUAGE_STANDARD = gnu11;
				GCC_NO_COMMON_BLOCKS = YES;
				GCC_WARN_64_TO_32_BIT_CONVERSION = YES;
				GCC_WARN_ABOUT_RETURN_TYPE = YES_ERROR;
				GCC_WARN_UNDECLARED_SELECTOR = YES;
				GCC_WARN_UNINITIALIZED_AUTOS = YES_AGGRESSIVE;
				GCC_WARN_UNUSED_FUNCTION = YES;
				GCC_WARN_UNUSED_VARIABLE = YES;
				HEADER_SEARCH_PATHS = /usr/local/include;
				LIBRARY_SEARCH_PATHS = /usr/local/lib;
				MACOSX_DEPLOYMENT_TARGET = 10.13;
				MTL_ENABLE_DEBUG_INFO = NO;
				SDKROOT = macosx;
			};
			name = Release;
		};
		F4829D2720EC7D2700B34AE0 /* Debug */ = {
			isa = XCBuildConfiguration;
			buildSettings = {
				CODE_SIGN_STYLE = Automatic;
				PRODUCT_NAME = "$(TARGET_NAME)";
			};
			name = Debug;
		};
		F4829D2820EC7D2700B34AE0 /* Release */ = {
			isa = XCBuildConfiguration;
			buildSettings = {
				CODE_SIGN_STYLE = Automatic;
				PRODUCT_NAME = "$(TARGET_NAME)";
			};
			name = Release;
		};
		F4829D3120EC7D8D00B34AE0 /* Debug */ = {
			isa = XCBuildConfiguration;
			buildSettings = {
				CODE_SIGN_STYLE = Automatic;
				LIBRARY_SEARCH_PATHS = (
					"$(inherited)",
					/usr/local/Cellar/sdl2/2.0.5/lib,
				);
				PRODUCT_NAME = "$(TARGET_NAME)";
			};
			name = Debug;
		};
		F4829D3220EC7D8D00B34AE0 /* Release */ = {
			isa = XCBuildConfiguration;
			buildSettings = {
				CODE_SIGN_STYLE = Automatic;
				LIBRARY_SEARCH_PATHS = (
					"$(inherited)",
					/usr/local/Cellar/sdl2/2.0.5/lib,
				);
				PRODUCT_NAME = "$(TARGET_NAME)";
			};
			name = Release;
		};
		F4829D4720EC883600B34AE0 /* Debug */ = {
			isa = XCBuildConfiguration;
			buildSettings = {
				CODE_SIGN_STYLE = Automatic;
				LIBRARY_SEARCH_PATHS = (
					"$(inherited)",
					/usr/local/Cellar/sdl2/2.0.5/lib,
				);
				PRODUCT_NAME = "$(TARGET_NAME)";
			};
			name = Debug;
		};
		F4829D4820EC883600B34AE0 /* Release */ = {
			isa = XCBuildConfiguration;
			buildSettings = {
				CODE_SIGN_STYLE = Automatic;
				LIBRARY_SEARCH_PATHS = (
					"$(inherited)",
					/usr/local/Cellar/sdl2/2.0.5/lib,
				);
				PRODUCT_NAME = "$(TARGET_NAME)";
			};
			name = Release;
		};
		F4829D7620ECA63300B34AE0 /* Debug */ = {
			isa = XCBuildConfiguration;
			buildSettings = {
				CODE_SIGN_STYLE = Automatic;
				LIBRARY_SEARCH_PATHS = (
					"$(inherited)",
					/usr/local/Cellar/sdl2/2.0.5/lib,
					/usr/local/Cellar/ffmpeg/3.3/lib,
				);
				PRODUCT_NAME = "$(TARGET_NAME)";
			};
			name = Debug;
		};
		F4829D7720ECA63300B34AE0 /* Release */ = {
			isa = XCBuildConfiguration;
			buildSettings = {
				CODE_SIGN_STYLE = Automatic;
				LIBRARY_SEARCH_PATHS = (
					"$(inherited)",
					/usr/local/Cellar/sdl2/2.0.5/lib,
					/usr/local/Cellar/ffmpeg/3.3/lib,
				);
				PRODUCT_NAME = "$(TARGET_NAME)";
			};
			name = Release;
		};
		F4AA9BAA210095B2009F11DE /* Debug */ = {
			isa = XCBuildConfiguration;
			buildSettings = {
				CODE_SIGN_STYLE = Automatic;
				LIBRARY_SEARCH_PATHS = (
					"$(inherited)",
					/usr/local/Cellar/sdl2/2.0.5/lib,
					/usr/local/Cellar/ffmpeg/3.3/lib,
					/usr/local/Cellar/libvpx/1.6.1/lib,
					/usr/local/Cellar/sdl2_ttf/2.0.14/lib,
				);
				PRODUCT_NAME = "$(TARGET_NAME)";
			};
			name = Debug;
		};
		F4AA9BAB210095B2009F11DE /* Release */ = {
			isa = XCBuildConfiguration;
			buildSettings = {
				CODE_SIGN_STYLE = Automatic;
				LIBRARY_SEARCH_PATHS = (
					"$(inherited)",
					/usr/local/Cellar/sdl2/2.0.5/lib,
					/usr/local/Cellar/ffmpeg/3.3/lib,
					/usr/local/Cellar/libvpx/1.6.1/lib,
					/usr/local/Cellar/sdl2_ttf/2.0.14/lib,
				);
				PRODUCT_NAME = "$(TARGET_NAME)";
			};
			name = Release;
		};
/* End XCBuildConfiguration section */

/* Begin XCConfigurationList section */
		F4655E8620EE1BA200A2D842 /* Build configuration list for PBXNativeTarget "040-Microphone" */ = {
			isa = XCConfigurationList;
			buildConfigurations = (
				F4655E8720EE1BA200A2D842 /* Debug */,
				F4655E8820EE1BA200A2D842 /* Release */,
			);
			defaultConfigurationIsVisible = 0;
			defaultConfigurationName = Release;
		};
		F4829D1A20EC7D2700B34AE0 /* Build configuration list for PBXProject "LearningRTC" */ = {
			isa = XCConfigurationList;
			buildConfigurations = (
				F4829D2420EC7D2700B34AE0 /* Debug */,
				F4829D2520EC7D2700B34AE0 /* Release */,
			);
			defaultConfigurationIsVisible = 0;
			defaultConfigurationName = Release;
		};
		F4829D2620EC7D2700B34AE0 /* Build configuration list for PBXNativeTarget "LearningRTC" */ = {
			isa = XCConfigurationList;
			buildConfigurations = (
				F4829D2720EC7D2700B34AE0 /* Debug */,
				F4829D2820EC7D2700B34AE0 /* Release */,
			);
			defaultConfigurationIsVisible = 0;
			defaultConfigurationName = Release;
		};
		F4829D3320EC7D8D00B34AE0 /* Build configuration list for PBXNativeTarget "010-YUVPlayer" */ = {
			isa = XCConfigurationList;
			buildConfigurations = (
				F4829D3120EC7D8D00B34AE0 /* Debug */,
				F4829D3220EC7D8D00B34AE0 /* Release */,
			);
			defaultConfigurationIsVisible = 0;
			defaultConfigurationName = Release;
		};
		F4829D4620EC883600B34AE0 /* Build configuration list for PBXNativeTarget "020-PCMPlayer" */ = {
			isa = XCConfigurationList;
			buildConfigurations = (
				F4829D4720EC883600B34AE0 /* Debug */,
				F4829D4820EC883600B34AE0 /* Release */,
			);
			defaultConfigurationIsVisible = 0;
			defaultConfigurationName = Release;
		};
		F4829D7520ECA63300B34AE0 /* Build configuration list for PBXNativeTarget "030-Camera" */ = {
			isa = XCConfigurationList;
			buildConfigurations = (
				F4829D7620ECA63300B34AE0 /* Debug */,
				F4829D7720ECA63300B34AE0 /* Release */,
			);
			defaultConfigurationIsVisible = 0;
			defaultConfigurationName = Release;
		};
		F4AA9BA9210095B2009F11DE /* Build configuration list for PBXNativeTarget "050-SimpleVP8" */ = {
			isa = XCConfigurationList;
			buildConfigurations = (
				F4AA9BAA210095B2009F11DE /* Debug */,
				F4AA9BAB210095B2009F11DE /* Release */,
			);
			defaultConfigurationIsVisible = 0;
			defaultConfigurationName = Release;
		};
/* End XCConfigurationList section */
	};
	rootObject = F4829D1720EC7D2700B34AE0 /* Project object */;
}
