// !$*UTF8*$!
{
	archiveVersion = 1;
	classes = {
	};
	objectVersion = 50;
	objects = {

/* Begin PBXBuildFile section */
		F42A9E7C217715BD0081FA34 /* Lab000-Demo.cpp in Sources */ = {isa = PBXBuildFile; fileRef = F42A9E7A217715BD0081FA34 /* Lab000-Demo.cpp */; };
		F42A9E83217719E50081FA34 /* XSocket.cpp in Sources */ = {isa = PBXBuildFile; fileRef = F42A9E80217719E50081FA34 /* XSocket.cpp */; };
		F42A9E85217720D30081FA34 /* libevent.a in Frameworks */ = {isa = PBXBuildFile; fileRef = F42A9E84217720D30081FA34 /* libevent.a */; };
		F42A9E87217985870081FA34 /* libopus.a in Frameworks */ = {isa = PBXBuildFile; fileRef = F42A9E86217985870081FA34 /* libopus.a */; };
		F42A9E8A2179BB5D0081FA34 /* xtlv_file.cpp in Sources */ = {isa = PBXBuildFile; fileRef = F42A9E882179BB5D0081FA34 /* xtlv_file.cpp */; };
		F42A9E8E2179DA0E0081FA34 /* BStreamProto.cpp in Sources */ = {isa = PBXBuildFile; fileRef = F42A9E8D2179DA0E0081FA34 /* BStreamProto.cpp */; };
		F42A9EBA217DB7E00081FA34 /* Lab041-BStreamTLVPlayer.cpp in Sources */ = {isa = PBXBuildFile; fileRef = F42A9EB8217DB7E00081FA34 /* Lab041-BStreamTLVPlayer.cpp */; };
		F42A9EBB217DB7E00081FA34 /* Lab040-BStreamDump.cpp in Sources */ = {isa = PBXBuildFile; fileRef = F42A9EB9217DB7E00081FA34 /* Lab040-BStreamDump.cpp */; };
		F42A9ECB218015100081FA34 /* xrtp_h264.cpp in Sources */ = {isa = PBXBuildFile; fileRef = F42A9EBF218015100081FA34 /* xrtp_h264.cpp */; };
		F42A9ECC218015100081FA34 /* xutil.cpp in Sources */ = {isa = PBXBuildFile; fileRef = F42A9EC1218015100081FA34 /* xutil.cpp */; };
		F42A9ECD218015100081FA34 /* xnalu.cpp in Sources */ = {isa = PBXBuildFile; fileRef = F42A9EC2218015100081FA34 /* xnalu.cpp */; };
		F42A9ECE218015100081FA34 /* SimpleAppLog.cpp in Sources */ = {isa = PBXBuildFile; fileRef = F42A9EC9218015100081FA34 /* SimpleAppLog.cpp */; };
		F42A9EFF218017090081FA34 /* log.c in Sources */ = {isa = PBXBuildFile; fileRef = F42A9EEA218017080081FA34 /* log.c */; };
		F42A9F00218017090081FA34 /* evrtmp_client.cpp in Sources */ = {isa = PBXBuildFile; fileRef = F42A9EEC218017080081FA34 /* evrtmp_client.cpp */; };
		F42A9F02218017090081FA34 /* hashswf.c in Sources */ = {isa = PBXBuildFile; fileRef = F42A9EF3218017080081FA34 /* hashswf.c */; };
		F42A9F03218017090081FA34 /* rtmp.c in Sources */ = {isa = PBXBuildFile; fileRef = F42A9EF4218017080081FA34 /* rtmp.c */; };
		F42A9F04218017090081FA34 /* parseurl.c in Sources */ = {isa = PBXBuildFile; fileRef = F42A9EFC218017080081FA34 /* parseurl.c */; };
		F42A9F05218017090081FA34 /* amf.c in Sources */ = {isa = PBXBuildFile; fileRef = F42A9EFD218017080081FA34 /* amf.c */; };
		F42A9F08218018260081FA34 /* Lab034-EVRTMPPush.cpp in Sources */ = {isa = PBXBuildFile; fileRef = F42A9F07218018260081FA34 /* Lab034-EVRTMPPush.cpp */; };
		F44A0619216F7D9E00599788 /* srs_librtmp.cpp in Sources */ = {isa = PBXBuildFile; fileRef = F44A0618216F7D9D00599788 /* srs_librtmp.cpp */; };
		F44A061C216F7E1700599788 /* Lab030-RTMPPush.cpp in Sources */ = {isa = PBXBuildFile; fileRef = F44A061B216F7E1700599788 /* Lab030-RTMPPush.cpp */; };
		F464B59A21DE0730004537CB /* rav_record.cc in Sources */ = {isa = PBXBuildFile; fileRef = F464B59921DE072F004537CB /* rav_record.cc */; };
		F464B59D21DE1AE9004537CB /* Lab050-FFPlayer.cpp in Sources */ = {isa = PBXBuildFile; fileRef = F464B59B21DE1AE9004537CB /* Lab050-FFPlayer.cpp */; };
		F46FDCA421BBD1B800EC45FE /* NRTCPPacket.cpp in Sources */ = {isa = PBXBuildFile; fileRef = F46FDCA221BBD1B800EC45FE /* NRTCPPacket.cpp */; };
		F46FDD1621C79AFD00EC45FE /* NRTPTime.cpp in Sources */ = {isa = PBXBuildFile; fileRef = F46FDD1421C79AFD00EC45FE /* NRTPTime.cpp */; };
		F46FDD1921C79D9300EC45FE /* NLogger.cpp in Sources */ = {isa = PBXBuildFile; fileRef = F46FDD1721C79D9300EC45FE /* NLogger.cpp */; };
		F46FDD1C21C79F2900EC45FE /* NCircularBuffer.cpp in Sources */ = {isa = PBXBuildFile; fileRef = F46FDD1A21C79F2900EC45FE /* NCircularBuffer.cpp */; };
		F46FDD1F21C79FF000EC45FE /* NRTPPacketWindow.cpp in Sources */ = {isa = PBXBuildFile; fileRef = F46FDD1D21C79FF000EC45FE /* NRTPPacketWindow.cpp */; };
		F46FDD2221C7A31E00EC45FE /* NRTPIncomingSource.cpp in Sources */ = {isa = PBXBuildFile; fileRef = F46FDD2021C7A31E00EC45FE /* NRTPIncomingSource.cpp */; };
		F49B1D6621100AAA008CF7A8 /* SDLFramework.cpp in Sources */ = {isa = PBXBuildFile; fileRef = F49B1D6421100AAA008CF7A8 /* SDLFramework.cpp */; };
		F49B1D6921101726008CF7A8 /* Lab020-Beauty.cpp in Sources */ = {isa = PBXBuildFile; fileRef = F49B1D6721101726008CF7A8 /* Lab020-Beauty.cpp */; };
		F49B1D722116AF4C008CF7A8 /* FFMpegFramework.cpp in Sources */ = {isa = PBXBuildFile; fileRef = F49B1D712116AF4C008CF7A8 /* FFMpegFramework.cpp */; };
		F49B1D792116B34E008CF7A8 /* libavcodec.a in Frameworks */ = {isa = PBXBuildFile; fileRef = F49B1D732116B34D008CF7A8 /* libavcodec.a */; };
		F49B1D7A2116B34E008CF7A8 /* libavformat.a in Frameworks */ = {isa = PBXBuildFile; fileRef = F49B1D742116B34D008CF7A8 /* libavformat.a */; };
		F49B1D7B2116B34E008CF7A8 /* libavutil.a in Frameworks */ = {isa = PBXBuildFile; fileRef = F49B1D752116B34D008CF7A8 /* libavutil.a */; };
		F49B1D7C2116B34E008CF7A8 /* libavresample.a in Frameworks */ = {isa = PBXBuildFile; fileRef = F49B1D762116B34D008CF7A8 /* libavresample.a */; };
		F49B1D7D2116B34E008CF7A8 /* libavfilter.a in Frameworks */ = {isa = PBXBuildFile; fileRef = F49B1D772116B34E008CF7A8 /* libavfilter.a */; };
		F49B1D7E2116B34E008CF7A8 /* libavdevice.a in Frameworks */ = {isa = PBXBuildFile; fileRef = F49B1D782116B34E008CF7A8 /* libavdevice.a */; };
		F49B1D802116B365008CF7A8 /* libswresample.a in Frameworks */ = {isa = PBXBuildFile; fileRef = F49B1D7F2116B365008CF7A8 /* libswresample.a */; };
		F49B1D822116B389008CF7A8 /* libswscale.a in Frameworks */ = {isa = PBXBuildFile; fileRef = F49B1D812116B388008CF7A8 /* libswscale.a */; };
		F4AA9BBD2106CA7A009F11DE /* main.cpp in Sources */ = {isa = PBXBuildFile; fileRef = F4AA9BBC2106CA7A009F11DE /* main.cpp */; };
		F4AA9BC52107453E009F11DE /* Lab010-VP8.cpp in Sources */ = {isa = PBXBuildFile; fileRef = F4AA9BC42107453E009F11DE /* Lab010-VP8.cpp */; };
		F4AA9BCB21074673009F11DE /* libSDL2.a in Frameworks */ = {isa = PBXBuildFile; fileRef = F4AA9BC721074673009F11DE /* libSDL2.a */; };
		F4AA9BCC21074673009F11DE /* libSDL2_ttf.a in Frameworks */ = {isa = PBXBuildFile; fileRef = F4AA9BC821074673009F11DE /* libSDL2_ttf.a */; };
		F4AA9BCD21074673009F11DE /* libSDL2main.a in Frameworks */ = {isa = PBXBuildFile; fileRef = F4AA9BC921074673009F11DE /* libSDL2main.a */; };
		F4AA9BCE21074673009F11DE /* libvpx.a in Frameworks */ = {isa = PBXBuildFile; fileRef = F4AA9BCA21074673009F11DE /* libvpx.a */; };
		F4D5B75A21AD0A0C00BD2A64 /* NUtil.cpp in Sources */ = {isa = PBXBuildFile; fileRef = F4D5B75821AD0A0C00BD2A64 /* NUtil.cpp */; };
		F4D5B75D21B80D8300BD2A64 /* NRTPReceiver.cpp in Sources */ = {isa = PBXBuildFile; fileRef = F4D5B75B21B80D8300BD2A64 /* NRTPReceiver.cpp */; };
		F4D5B76021BA311E00BD2A64 /* VP8Framework.cpp in Sources */ = {isa = PBXBuildFile; fileRef = F4D5B75E21BA311E00BD2A64 /* VP8Framework.cpp */; };
		F4FF95E021A2E7360005A1BE /* NRTPMap.cpp in Sources */ = {isa = PBXBuildFile; fileRef = F4FF95DF21A2E7360005A1BE /* NRTPMap.cpp */; };
/* End PBXBuildFile section */

/* Begin PBXCopyFilesBuildPhase section */
		F4AA9BB72106CA7A009F11DE /* CopyFiles */ = {
			isa = PBXCopyFilesBuildPhase;
			buildActionMask = 2147483647;
			dstPath = /usr/share/man/man1/;
			dstSubfolderSpec = 0;
			files = (
			);
			runOnlyForDeploymentPostprocessing = 1;
		};
/* End PBXCopyFilesBuildPhase section */

/* Begin PBXFileReference section */
		F42A9E7A217715BD0081FA34 /* Lab000-Demo.cpp */ = {isa = PBXFileReference; fileEncoding = 4; lastKnownFileType = sourcecode.cpp.cpp; path = "Lab000-Demo.cpp"; sourceTree = "<group>"; };
		F42A9E7B217715BD0081FA34 /* Lab000-Demo.hpp */ = {isa = PBXFileReference; fileEncoding = 4; lastKnownFileType = sourcecode.cpp.h; path = "Lab000-Demo.hpp"; sourceTree = "<group>"; };
		F42A9E80217719E50081FA34 /* XSocket.cpp */ = {isa = PBXFileReference; fileEncoding = 4; lastKnownFileType = sourcecode.cpp.cpp; path = XSocket.cpp; sourceTree = "<group>"; };
		F42A9E81217719E50081FA34 /* XSocket.h */ = {isa = PBXFileReference; fileEncoding = 4; lastKnownFileType = sourcecode.c.h; path = XSocket.h; sourceTree = "<group>"; };
		F42A9E84217720D30081FA34 /* libevent.a */ = {isa = PBXFileReference; lastKnownFileType = archive.ar; name = libevent.a; path = ../../../../../../../../../../usr/local/Cellar/libevent/2.0.22/lib/libevent.a; sourceTree = "<group>"; };
		F42A9E86217985870081FA34 /* libopus.a */ = {isa = PBXFileReference; lastKnownFileType = archive.ar; name = libopus.a; path = ../../../../../../../../../../usr/local/Cellar/opus/1.1.4/lib/libopus.a; sourceTree = "<group>"; };
		F42A9E882179BB5D0081FA34 /* xtlv_file.cpp */ = {isa = PBXFileReference; fileEncoding = 4; lastKnownFileType = sourcecode.cpp.cpp; path = xtlv_file.cpp; sourceTree = "<group>"; };
		F42A9E892179BB5D0081FA34 /* xtlv_file.h */ = {isa = PBXFileReference; fileEncoding = 4; lastKnownFileType = sourcecode.c.h; path = xtlv_file.h; sourceTree = "<group>"; };
		F42A9E8C2179DA0E0081FA34 /* BStreamProto.h */ = {isa = PBXFileReference; fileEncoding = 4; lastKnownFileType = sourcecode.c.h; path = BStreamProto.h; sourceTree = "<group>"; };
		F42A9E8D2179DA0E0081FA34 /* BStreamProto.cpp */ = {isa = PBXFileReference; fileEncoding = 4; lastKnownFileType = sourcecode.cpp.cpp; path = BStreamProto.cpp; sourceTree = "<group>"; };
		F42A9E902179DC670081FA34 /* fwd.h */ = {isa = PBXFileReference; fileEncoding = 4; lastKnownFileType = sourcecode.c.h; path = fwd.h; sourceTree = "<group>"; };
		F42A9E912179DC670081FA34 /* memorystream.h */ = {isa = PBXFileReference; fileEncoding = 4; lastKnownFileType = sourcecode.c.h; path = memorystream.h; sourceTree = "<group>"; };
		F42A9E922179DC670081FA34 /* reader.h */ = {isa = PBXFileReference; fileEncoding = 4; lastKnownFileType = sourcecode.c.h; path = reader.h; sourceTree = "<group>"; };
		F42A9E932179DC670081FA34 /* prettywriter.h */ = {isa = PBXFileReference; fileEncoding = 4; lastKnownFileType = sourcecode.c.h; path = prettywriter.h; sourceTree = "<group>"; };
		F42A9E942179DC670081FA34 /* ostreamwrapper.h */ = {isa = PBXFileReference; fileEncoding = 4; lastKnownFileType = sourcecode.c.h; path = ostreamwrapper.h; sourceTree = "<group>"; };
		F42A9E952179DC670081FA34 /* encodedstream.h */ = {isa = PBXFileReference; fileEncoding = 4; lastKnownFileType = sourcecode.c.h; path = encodedstream.h; sourceTree = "<group>"; };
		F42A9E962179DC670081FA34 /* filereadstream.h */ = {isa = PBXFileReference; fileEncoding = 4; lastKnownFileType = sourcecode.c.h; path = filereadstream.h; sourceTree = "<group>"; };
		F42A9E972179DC670081FA34 /* istreamwrapper.h */ = {isa = PBXFileReference; fileEncoding = 4; lastKnownFileType = sourcecode.c.h; path = istreamwrapper.h; sourceTree = "<group>"; };
		F42A9E982179DC670081FA34 /* stringbuffer.h */ = {isa = PBXFileReference; fileEncoding = 4; lastKnownFileType = sourcecode.c.h; path = stringbuffer.h; sourceTree = "<group>"; };
		F42A9E9A2179DC670081FA34 /* ieee754.h */ = {isa = PBXFileReference; fileEncoding = 4; lastKnownFileType = sourcecode.c.h; path = ieee754.h; sourceTree = "<group>"; };
		F42A9E9B2179DC670081FA34 /* strtod.h */ = {isa = PBXFileReference; fileEncoding = 4; lastKnownFileType = sourcecode.c.h; path = strtod.h; sourceTree = "<group>"; };
		F42A9E9C2179DC670081FA34 /* swap.h */ = {isa = PBXFileReference; fileEncoding = 4; lastKnownFileType = sourcecode.c.h; path = swap.h; sourceTree = "<group>"; };
		F42A9E9D2179DC670081FA34 /* regex.h */ = {isa = PBXFileReference; fileEncoding = 4; lastKnownFileType = sourcecode.c.h; path = regex.h; sourceTree = "<group>"; };
		F42A9E9E2179DC670081FA34 /* diyfp.h */ = {isa = PBXFileReference; fileEncoding = 4; lastKnownFileType = sourcecode.c.h; path = diyfp.h; sourceTree = "<group>"; };
		F42A9E9F2179DC670081FA34 /* biginteger.h */ = {isa = PBXFileReference; fileEncoding = 4; lastKnownFileType = sourcecode.c.h; path = biginteger.h; sourceTree = "<group>"; };
		F42A9EA02179DC670081FA34 /* strfunc.h */ = {isa = PBXFileReference; fileEncoding = 4; lastKnownFileType = sourcecode.c.h; path = strfunc.h; sourceTree = "<group>"; };
		F42A9EA12179DC670081FA34 /* itoa.h */ = {isa = PBXFileReference; fileEncoding = 4; lastKnownFileType = sourcecode.c.h; path = itoa.h; sourceTree = "<group>"; };
		F42A9EA22179DC670081FA34 /* stack.h */ = {isa = PBXFileReference; fileEncoding = 4; lastKnownFileType = sourcecode.c.h; path = stack.h; sourceTree = "<group>"; };
		F42A9EA32179DC670081FA34 /* dtoa.h */ = {isa = PBXFileReference; fileEncoding = 4; lastKnownFileType = sourcecode.c.h; path = dtoa.h; sourceTree = "<group>"; };
		F42A9EA42179DC670081FA34 /* meta.h */ = {isa = PBXFileReference; fileEncoding = 4; lastKnownFileType = sourcecode.c.h; path = meta.h; sourceTree = "<group>"; };
		F42A9EA52179DC670081FA34 /* pow10.h */ = {isa = PBXFileReference; fileEncoding = 4; lastKnownFileType = sourcecode.c.h; path = pow10.h; sourceTree = "<group>"; };
		F42A9EA62179DC670081FA34 /* encodings.h */ = {isa = PBXFileReference; fileEncoding = 4; lastKnownFileType = sourcecode.c.h; path = encodings.h; sourceTree = "<group>"; };
		F42A9EA72179DC670081FA34 /* schema.h */ = {isa = PBXFileReference; fileEncoding = 4; lastKnownFileType = sourcecode.c.h; path = schema.h; sourceTree = "<group>"; };
		F42A9EA82179DC670081FA34 /* stream.h */ = {isa = PBXFileReference; fileEncoding = 4; lastKnownFileType = sourcecode.c.h; path = stream.h; sourceTree = "<group>"; };
		F42A9EA92179DC670081FA34 /* filewritestream.h */ = {isa = PBXFileReference; fileEncoding = 4; lastKnownFileType = sourcecode.c.h; path = filewritestream.h; sourceTree = "<group>"; };
		F42A9EAA2179DC670081FA34 /* rapidjson.h */ = {isa = PBXFileReference; fileEncoding = 4; lastKnownFileType = sourcecode.c.h; path = rapidjson.h; sourceTree = "<group>"; };
		F42A9EAB2179DC670081FA34 /* document.h */ = {isa = PBXFileReference; fileEncoding = 4; lastKnownFileType = sourcecode.c.h; path = document.h; sourceTree = "<group>"; };
		F42A9EAC2179DC670081FA34 /* allocators.h */ = {isa = PBXFileReference; fileEncoding = 4; lastKnownFileType = sourcecode.c.h; path = allocators.h; sourceTree = "<group>"; };
		F42A9EAD2179DC670081FA34 /* writer.h */ = {isa = PBXFileReference; fileEncoding = 4; lastKnownFileType = sourcecode.c.h; path = writer.h; sourceTree = "<group>"; };
		F42A9EAF2179DC670081FA34 /* error.h */ = {isa = PBXFileReference; fileEncoding = 4; lastKnownFileType = sourcecode.c.h; path = error.h; sourceTree = "<group>"; };
		F42A9EB02179DC670081FA34 /* en.h */ = {isa = PBXFileReference; fileEncoding = 4; lastKnownFileType = sourcecode.c.h; path = en.h; sourceTree = "<group>"; };
		F42A9EB12179DC670081FA34 /* memorybuffer.h */ = {isa = PBXFileReference; fileEncoding = 4; lastKnownFileType = sourcecode.c.h; path = memorybuffer.h; sourceTree = "<group>"; };
		F42A9EB22179DC670081FA34 /* pointer.h */ = {isa = PBXFileReference; fileEncoding = 4; lastKnownFileType = sourcecode.c.h; path = pointer.h; sourceTree = "<group>"; };
		F42A9EB42179DC670081FA34 /* inttypes.h */ = {isa = PBXFileReference; fileEncoding = 4; lastKnownFileType = sourcecode.c.h; path = inttypes.h; sourceTree = "<group>"; };
		F42A9EB52179DC670081FA34 /* stdint.h */ = {isa = PBXFileReference; fileEncoding = 4; lastKnownFileType = sourcecode.c.h; path = stdint.h; sourceTree = "<group>"; };
		F42A9EB6217DB7E00081FA34 /* Lab040-BStreamDump.hpp */ = {isa = PBXFileReference; fileEncoding = 4; lastKnownFileType = sourcecode.cpp.h; path = "Lab040-BStreamDump.hpp"; sourceTree = "<group>"; };
		F42A9EB7217DB7E00081FA34 /* Lab041-BStreamTLVPlayer.hpp */ = {isa = PBXFileReference; fileEncoding = 4; lastKnownFileType = sourcecode.cpp.h; path = "Lab041-BStreamTLVPlayer.hpp"; sourceTree = "<group>"; };
		F42A9EB8217DB7E00081FA34 /* Lab041-BStreamTLVPlayer.cpp */ = {isa = PBXFileReference; fileEncoding = 4; lastKnownFileType = sourcecode.cpp.cpp; path = "Lab041-BStreamTLVPlayer.cpp"; sourceTree = "<group>"; };
		F42A9EB9217DB7E00081FA34 /* Lab040-BStreamDump.cpp */ = {isa = PBXFileReference; fileEncoding = 4; lastKnownFileType = sourcecode.cpp.cpp; path = "Lab040-BStreamDump.cpp"; sourceTree = "<group>"; };
		F42A9EBD218015100081FA34 /* xutil.h */ = {isa = PBXFileReference; fileEncoding = 4; lastKnownFileType = sourcecode.c.h; path = xutil.h; sourceTree = "<group>"; };
		F42A9EBF218015100081FA34 /* xrtp_h264.cpp */ = {isa = PBXFileReference; fileEncoding = 4; lastKnownFileType = sourcecode.cpp.cpp; path = xrtp_h264.cpp; sourceTree = "<group>"; };
		F42A9EC0218015100081FA34 /* xnalu.h */ = {isa = PBXFileReference; fileEncoding = 4; lastKnownFileType = sourcecode.c.h; path = xnalu.h; sourceTree = "<group>"; };
		F42A9EC1218015100081FA34 /* xutil.cpp */ = {isa = PBXFileReference; fileEncoding = 4; lastKnownFileType = sourcecode.cpp.cpp; path = xutil.cpp; sourceTree = "<group>"; };
		F42A9EC2218015100081FA34 /* xnalu.cpp */ = {isa = PBXFileReference; fileEncoding = 4; lastKnownFileType = sourcecode.cpp.cpp; path = xnalu.cpp; sourceTree = "<group>"; };
		F42A9EC3218015100081FA34 /* xrtp_h264.h */ = {isa = PBXFileReference; fileEncoding = 4; lastKnownFileType = sourcecode.c.h; path = xrtp_h264.h; sourceTree = "<group>"; };
		F42A9EC4218015100081FA34 /* xrtp_defs.h */ = {isa = PBXFileReference; fileEncoding = 4; lastKnownFileType = sourcecode.c.h; path = xrtp_defs.h; sourceTree = "<group>"; };
		F42A9EC5218015100081FA34 /* plw_defs.h */ = {isa = PBXFileReference; fileEncoding = 4; lastKnownFileType = sourcecode.c.h; path = plw_defs.h; sourceTree = "<group>"; };
		F42A9EC7218015100081FA34 /* SimpleAppLog.h */ = {isa = PBXFileReference; fileEncoding = 4; lastKnownFileType = sourcecode.c.h; path = SimpleAppLog.h; sourceTree = "<group>"; };
		F42A9EC8218015100081FA34 /* dbg_defs.h */ = {isa = PBXFileReference; fileEncoding = 4; lastKnownFileType = sourcecode.c.h; path = dbg_defs.h; sourceTree = "<group>"; };
		F42A9EC9218015100081FA34 /* SimpleAppLog.cpp */ = {isa = PBXFileReference; fileEncoding = 4; lastKnownFileType = sourcecode.cpp.cpp; path = SimpleAppLog.cpp; sourceTree = "<group>"; };
		F42A9EEA218017080081FA34 /* log.c */ = {isa = PBXFileReference; fileEncoding = 4; lastKnownFileType = sourcecode.c.c; path = log.c; sourceTree = "<group>"; };
		F42A9EEC218017080081FA34 /* evrtmp_client.cpp */ = {isa = PBXFileReference; fileEncoding = 4; lastKnownFileType = sourcecode.cpp.cpp; path = evrtmp_client.cpp; sourceTree = "<group>"; };
		F42A9EED218017080081FA34 /* http.h */ = {isa = PBXFileReference; fileEncoding = 4; lastKnownFileType = sourcecode.c.h; path = http.h; sourceTree = "<group>"; };
		F42A9EEE218017080081FA34 /* handshake.h */ = {isa = PBXFileReference; fileEncoding = 4; lastKnownFileType = sourcecode.c.h; path = handshake.h; sourceTree = "<group>"; };
		F42A9EEF218017080081FA34 /* dh.h */ = {isa = PBXFileReference; fileEncoding = 4; lastKnownFileType = sourcecode.c.h; path = dh.h; sourceTree = "<group>"; };
		F42A9EF1218017080081FA34 /* dhgroups.h */ = {isa = PBXFileReference; fileEncoding = 4; lastKnownFileType = sourcecode.c.h; path = dhgroups.h; sourceTree = "<group>"; };
		F42A9EF2218017080081FA34 /* rtmp_sys.h */ = {isa = PBXFileReference; fileEncoding = 4; lastKnownFileType = sourcecode.c.h; path = rtmp_sys.h; sourceTree = "<group>"; };
		F42A9EF3218017080081FA34 /* hashswf.c */ = {isa = PBXFileReference; fileEncoding = 4; lastKnownFileType = sourcecode.c.c; path = hashswf.c; sourceTree = "<group>"; };
		F42A9EF4218017080081FA34 /* rtmp.c */ = {isa = PBXFileReference; fileEncoding = 4; lastKnownFileType = sourcecode.c.c; path = rtmp.c; sourceTree = "<group>"; };
		F42A9EF5218017080081FA34 /* evrtmp_client.h */ = {isa = PBXFileReference; fileEncoding = 4; lastKnownFileType = sourcecode.c.h; path = evrtmp_client.h; sourceTree = "<group>"; };
		F42A9EF6218017080081FA34 /* amf.h */ = {isa = PBXFileReference; fileEncoding = 4; lastKnownFileType = sourcecode.c.h; path = amf.h; sourceTree = "<group>"; };
		F42A9EF9218017080081FA34 /* log.h */ = {isa = PBXFileReference; fileEncoding = 4; lastKnownFileType = sourcecode.c.h; path = log.h; sourceTree = "<group>"; };
		F42A9EFA218017080081FA34 /* bytes.h */ = {isa = PBXFileReference; fileEncoding = 4; lastKnownFileType = sourcecode.c.h; path = bytes.h; sourceTree = "<group>"; };
		F42A9EFC218017080081FA34 /* parseurl.c */ = {isa = PBXFileReference; fileEncoding = 4; lastKnownFileType = sourcecode.c.c; path = parseurl.c; sourceTree = "<group>"; };
		F42A9EFD218017080081FA34 /* amf.c */ = {isa = PBXFileReference; fileEncoding = 4; lastKnownFileType = sourcecode.c.c; path = amf.c; sourceTree = "<group>"; };
		F42A9EFE218017080081FA34 /* rtmp.h */ = {isa = PBXFileReference; fileEncoding = 4; lastKnownFileType = sourcecode.c.h; path = rtmp.h; sourceTree = "<group>"; };
		F42A9F06218018260081FA34 /* Lab034-EVRTMPPush.hpp */ = {isa = PBXFileReference; fileEncoding = 4; lastKnownFileType = sourcecode.cpp.h; path = "Lab034-EVRTMPPush.hpp"; sourceTree = "<group>"; };
		F42A9F07218018260081FA34 /* Lab034-EVRTMPPush.cpp */ = {isa = PBXFileReference; fileEncoding = 4; lastKnownFileType = sourcecode.cpp.cpp; path = "Lab034-EVRTMPPush.cpp"; sourceTree = "<group>"; };
		F44A0617216F7D9D00599788 /* srs_librtmp.h */ = {isa = PBXFileReference; fileEncoding = 4; lastKnownFileType = sourcecode.c.h; path = srs_librtmp.h; sourceTree = "<group>"; };
		F44A0618216F7D9D00599788 /* srs_librtmp.cpp */ = {isa = PBXFileReference; fileEncoding = 4; lastKnownFileType = sourcecode.cpp.cpp; path = srs_librtmp.cpp; sourceTree = "<group>"; };
		F44A061A216F7E1700599788 /* Lab030-RTMPPush.hpp */ = {isa = PBXFileReference; fileEncoding = 4; lastKnownFileType = sourcecode.cpp.h; path = "Lab030-RTMPPush.hpp"; sourceTree = "<group>"; };
		F44A061B216F7E1700599788 /* Lab030-RTMPPush.cpp */ = {isa = PBXFileReference; fileEncoding = 4; lastKnownFileType = sourcecode.cpp.cpp; path = "Lab030-RTMPPush.cpp"; sourceTree = "<group>"; };
		F464B59821DE072F004537CB /* rav_record.h */ = {isa = PBXFileReference; fileEncoding = 4; lastKnownFileType = sourcecode.c.h; path = rav_record.h; sourceTree = "<group>"; };
		F464B59921DE072F004537CB /* rav_record.cc */ = {isa = PBXFileReference; fileEncoding = 4; lastKnownFileType = sourcecode.cpp.cpp; path = rav_record.cc; sourceTree = "<group>"; };
		F464B59B21DE1AE9004537CB /* Lab050-FFPlayer.cpp */ = {isa = PBXFileReference; lastKnownFileType = sourcecode.cpp.cpp; path = "Lab050-FFPlayer.cpp"; sourceTree = "<group>"; };
		F464B59C21DE1AE9004537CB /* Lab050-FFPlayer.hpp */ = {isa = PBXFileReference; lastKnownFileType = sourcecode.cpp.h; path = "Lab050-FFPlayer.hpp"; sourceTree = "<group>"; };
		F46FDCA221BBD1B800EC45FE /* NRTCPPacket.cpp */ = {isa = PBXFileReference; lastKnownFileType = sourcecode.cpp.cpp; path = NRTCPPacket.cpp; sourceTree = "<group>"; };
		F46FDCA321BBD1B800EC45FE /* NRTCPPacket.hpp */ = {isa = PBXFileReference; lastKnownFileType = sourcecode.cpp.h; path = NRTCPPacket.hpp; sourceTree = "<group>"; };
		F46FDCDE21BFEE8500EC45FE /* version.h */ = {isa = PBXFileReference; fileEncoding = 4; lastKnownFileType = sourcecode.c.h; path = version.h; sourceTree = "<group>"; };
		F46FDCDF21BFEE8500EC45FE /* spdlog.h */ = {isa = PBXFileReference; fileEncoding = 4; lastKnownFileType = sourcecode.c.h; path = spdlog.h; sourceTree = "<group>"; };
		F46FDCE121BFEE8500EC45FE /* bin_to_hex.h */ = {isa = PBXFileReference; fileEncoding = 4; lastKnownFileType = sourcecode.c.h; path = bin_to_hex.h; sourceTree = "<group>"; };
		F46FDCE321BFEE8500EC45FE /* time.h */ = {isa = PBXFileReference; fileEncoding = 4; lastKnownFileType = sourcecode.c.h; path = time.h; sourceTree = "<group>"; };
		F46FDCE421BFEE8500EC45FE /* ostream.h */ = {isa = PBXFileReference; fileEncoding = 4; lastKnownFileType = sourcecode.c.h; path = ostream.h; sourceTree = "<group>"; };
		F46FDCE521BFEE8500EC45FE /* format-inl.h */ = {isa = PBXFileReference; fileEncoding = 4; lastKnownFileType = sourcecode.c.h; path = "format-inl.h"; sourceTree = "<group>"; };
		F46FDCE621BFEE8500EC45FE /* ranges.h */ = {isa = PBXFileReference; fileEncoding = 4; lastKnownFileType = sourcecode.c.h; path = ranges.h; sourceTree = "<group>"; };
		F46FDCE721BFEE8500EC45FE /* core.h */ = {isa = PBXFileReference; fileEncoding = 4; lastKnownFileType = sourcecode.c.h; path = core.h; sourceTree = "<group>"; };
		F46FDCE821BFEE8500EC45FE /* colors.h */ = {isa = PBXFileReference; fileEncoding = 4; lastKnownFileType = sourcecode.c.h; path = colors.h; sourceTree = "<group>"; };
		F46FDCE921BFEE8500EC45FE /* printf.h */ = {isa = PBXFileReference; fileEncoding = 4; lastKnownFileType = sourcecode.c.h; path = printf.h; sourceTree = "<group>"; };
		F46FDCEA21BFEE8500EC45FE /* posix.h */ = {isa = PBXFileReference; fileEncoding = 4; lastKnownFileType = sourcecode.c.h; path = posix.h; sourceTree = "<group>"; };
		F46FDCEB21BFEE8500EC45FE /* LICENSE.rst */ = {isa = PBXFileReference; fileEncoding = 4; lastKnownFileType = text; path = LICENSE.rst; sourceTree = "<group>"; };
		F46FDCEC21BFEE8500EC45FE /* format.h */ = {isa = PBXFileReference; fileEncoding = 4; lastKnownFileType = sourcecode.c.h; path = format.h; sourceTree = "<group>"; };
		F46FDCED21BFEE8500EC45FE /* fmt.h */ = {isa = PBXFileReference; fileEncoding = 4; lastKnownFileType = sourcecode.c.h; path = fmt.h; sourceTree = "<group>"; };
		F46FDCEE21BFEE8500EC45FE /* ostr.h */ = {isa = PBXFileReference; fileEncoding = 4; lastKnownFileType = sourcecode.c.h; path = ostr.h; sourceTree = "<group>"; };
		F46FDCF021BFEE8500EC45FE /* stdout_sinks.h */ = {isa = PBXFileReference; fileEncoding = 4; lastKnownFileType = sourcecode.c.h; path = stdout_sinks.h; sourceTree = "<group>"; };
		F46FDCF121BFEE8500EC45FE /* basic_file_sink.h */ = {isa = PBXFileReference; fileEncoding = 4; lastKnownFileType = sourcecode.c.h; path = basic_file_sink.h; sourceTree = "<group>"; };
		F46FDCF221BFEE8500EC45FE /* rotating_file_sink.h */ = {isa = PBXFileReference; fileEncoding = 4; lastKnownFileType = sourcecode.c.h; path = rotating_file_sink.h; sourceTree = "<group>"; };
		F46FDCF321BFEE8500EC45FE /* daily_file_sink.h */ = {isa = PBXFileReference; fileEncoding = 4; lastKnownFileType = sourcecode.c.h; path = daily_file_sink.h; sourceTree = "<group>"; };
		F46FDCF421BFEE8500EC45FE /* ansicolor_sink.h */ = {isa = PBXFileReference; fileEncoding = 4; lastKnownFileType = sourcecode.c.h; path = ansicolor_sink.h; sourceTree = "<group>"; };
		F46FDCF521BFEE8500EC45FE /* base_sink.h */ = {isa = PBXFileReference; fileEncoding = 4; lastKnownFileType = sourcecode.c.h; path = base_sink.h; sourceTree = "<group>"; };
		F46FDCF621BFEE8500EC45FE /* stdout_color_sinks.h */ = {isa = PBXFileReference; fileEncoding = 4; lastKnownFileType = sourcecode.c.h; path = stdout_color_sinks.h; sourceTree = "<group>"; };
		F46FDCF721BFEE8500EC45FE /* dist_sink.h */ = {isa = PBXFileReference; fileEncoding = 4; lastKnownFileType = sourcecode.c.h; path = dist_sink.h; sourceTree = "<group>"; };
		F46FDCF821BFEE8500EC45FE /* msvc_sink.h */ = {isa = PBXFileReference; fileEncoding = 4; lastKnownFileType = sourcecode.c.h; path = msvc_sink.h; sourceTree = "<group>"; };
		F46FDCF921BFEE8500EC45FE /* android_sink.h */ = {isa = PBXFileReference; fileEncoding = 4; lastKnownFileType = sourcecode.c.h; path = android_sink.h; sourceTree = "<group>"; };
		F46FDCFA21BFEE8500EC45FE /* sink.h */ = {isa = PBXFileReference; fileEncoding = 4; lastKnownFileType = sourcecode.c.h; path = sink.h; sourceTree = "<group>"; };
		F46FDCFB21BFEE8500EC45FE /* syslog_sink.h */ = {isa = PBXFileReference; fileEncoding = 4; lastKnownFileType = sourcecode.c.h; path = syslog_sink.h; sourceTree = "<group>"; };
		F46FDCFC21BFEE8500EC45FE /* ostream_sink.h */ = {isa = PBXFileReference; fileEncoding = 4; lastKnownFileType = sourcecode.c.h; path = ostream_sink.h; sourceTree = "<group>"; };
		F46FDCFD21BFEE8500EC45FE /* null_sink.h */ = {isa = PBXFileReference; fileEncoding = 4; lastKnownFileType = sourcecode.c.h; path = null_sink.h; sourceTree = "<group>"; };
		F46FDCFE21BFEE8500EC45FE /* wincolor_sink.h */ = {isa = PBXFileReference; fileEncoding = 4; lastKnownFileType = sourcecode.c.h; path = wincolor_sink.h; sourceTree = "<group>"; };
		F46FDCFF21BFEE8500EC45FE /* formatter.h */ = {isa = PBXFileReference; fileEncoding = 4; lastKnownFileType = sourcecode.c.h; path = formatter.h; sourceTree = "<group>"; };
		F46FDD0121BFEE8500EC45FE /* file_helper.h */ = {isa = PBXFileReference; fileEncoding = 4; lastKnownFileType = sourcecode.c.h; path = file_helper.h; sourceTree = "<group>"; };
		F46FDD0221BFEE8500EC45FE /* periodic_worker.h */ = {isa = PBXFileReference; fileEncoding = 4; lastKnownFileType = sourcecode.c.h; path = periodic_worker.h; sourceTree = "<group>"; };
		F46FDD0321BFEE8500EC45FE /* logger_impl.h */ = {isa = PBXFileReference; fileEncoding = 4; lastKnownFileType = sourcecode.c.h; path = logger_impl.h; sourceTree = "<group>"; };
		F46FDD0421BFEE8500EC45FE /* mpmc_blocking_q.h */ = {isa = PBXFileReference; fileEncoding = 4; lastKnownFileType = sourcecode.c.h; path = mpmc_blocking_q.h; sourceTree = "<group>"; };
		F46FDD0521BFEE8500EC45FE /* os.h */ = {isa = PBXFileReference; fileEncoding = 4; lastKnownFileType = sourcecode.c.h; path = os.h; sourceTree = "<group>"; };
		F46FDD0621BFEE8500EC45FE /* fmt_helper.h */ = {isa = PBXFileReference; fileEncoding = 4; lastKnownFileType = sourcecode.c.h; path = fmt_helper.h; sourceTree = "<group>"; };
		F46FDD0721BFEE8500EC45FE /* null_mutex.h */ = {isa = PBXFileReference; fileEncoding = 4; lastKnownFileType = sourcecode.c.h; path = null_mutex.h; sourceTree = "<group>"; };
		F46FDD0821BFEE8500EC45FE /* registry.h */ = {isa = PBXFileReference; fileEncoding = 4; lastKnownFileType = sourcecode.c.h; path = registry.h; sourceTree = "<group>"; };
		F46FDD0921BFEE8500EC45FE /* thread_pool.h */ = {isa = PBXFileReference; fileEncoding = 4; lastKnownFileType = sourcecode.c.h; path = thread_pool.h; sourceTree = "<group>"; };
		F46FDD0A21BFEE8500EC45FE /* circular_q.h */ = {isa = PBXFileReference; fileEncoding = 4; lastKnownFileType = sourcecode.c.h; path = circular_q.h; sourceTree = "<group>"; };
		F46FDD0B21BFEE8500EC45FE /* log_msg.h */ = {isa = PBXFileReference; fileEncoding = 4; lastKnownFileType = sourcecode.c.h; path = log_msg.h; sourceTree = "<group>"; };
		F46FDD0C21BFEE8500EC45FE /* pattern_formatter.h */ = {isa = PBXFileReference; fileEncoding = 4; lastKnownFileType = sourcecode.c.h; path = pattern_formatter.h; sourceTree = "<group>"; };
		F46FDD0D21BFEE8500EC45FE /* async_logger_impl.h */ = {isa = PBXFileReference; fileEncoding = 4; lastKnownFileType = sourcecode.c.h; path = async_logger_impl.h; sourceTree = "<group>"; };
		F46FDD0E21BFEE8500EC45FE /* console_globals.h */ = {isa = PBXFileReference; fileEncoding = 4; lastKnownFileType = sourcecode.c.h; path = console_globals.h; sourceTree = "<group>"; };
		F46FDD0F21BFEE8500EC45FE /* async_logger.h */ = {isa = PBXFileReference; fileEncoding = 4; lastKnownFileType = sourcecode.c.h; path = async_logger.h; sourceTree = "<group>"; };
		F46FDD1021BFEE8500EC45FE /* tweakme.h */ = {isa = PBXFileReference; fileEncoding = 4; lastKnownFileType = sourcecode.c.h; path = tweakme.h; sourceTree = "<group>"; };
		F46FDD1121BFEE8500EC45FE /* async.h */ = {isa = PBXFileReference; fileEncoding = 4; lastKnownFileType = sourcecode.c.h; path = async.h; sourceTree = "<group>"; };
		F46FDD1221BFEE8500EC45FE /* common.h */ = {isa = PBXFileReference; fileEncoding = 4; lastKnownFileType = sourcecode.c.h; path = common.h; sourceTree = "<group>"; };
		F46FDD1321BFEE8500EC45FE /* logger.h */ = {isa = PBXFileReference; fileEncoding = 4; lastKnownFileType = sourcecode.c.h; path = logger.h; sourceTree = "<group>"; };
		F46FDD1421C79AFD00EC45FE /* NRTPTime.cpp */ = {isa = PBXFileReference; lastKnownFileType = sourcecode.cpp.cpp; path = NRTPTime.cpp; sourceTree = "<group>"; };
		F46FDD1521C79AFD00EC45FE /* NRTPTime.hpp */ = {isa = PBXFileReference; lastKnownFileType = sourcecode.cpp.h; path = NRTPTime.hpp; sourceTree = "<group>"; };
		F46FDD1721C79D9300EC45FE /* NLogger.cpp */ = {isa = PBXFileReference; lastKnownFileType = sourcecode.cpp.cpp; path = NLogger.cpp; sourceTree = "<group>"; };
		F46FDD1821C79D9300EC45FE /* NLogger.hpp */ = {isa = PBXFileReference; lastKnownFileType = sourcecode.cpp.h; path = NLogger.hpp; sourceTree = "<group>"; };
		F46FDD1A21C79F2900EC45FE /* NCircularBuffer.cpp */ = {isa = PBXFileReference; lastKnownFileType = sourcecode.cpp.cpp; path = NCircularBuffer.cpp; sourceTree = "<group>"; };
		F46FDD1B21C79F2900EC45FE /* NCircularBuffer.hpp */ = {isa = PBXFileReference; lastKnownFileType = sourcecode.cpp.h; path = NCircularBuffer.hpp; sourceTree = "<group>"; };
		F46FDD1D21C79FF000EC45FE /* NRTPPacketWindow.cpp */ = {isa = PBXFileReference; lastKnownFileType = sourcecode.cpp.cpp; path = NRTPPacketWindow.cpp; sourceTree = "<group>"; };
		F46FDD1E21C79FF000EC45FE /* NRTPPacketWindow.hpp */ = {isa = PBXFileReference; lastKnownFileType = sourcecode.cpp.h; path = NRTPPacketWindow.hpp; sourceTree = "<group>"; };
		F46FDD2021C7A31E00EC45FE /* NRTPIncomingSource.cpp */ = {isa = PBXFileReference; lastKnownFileType = sourcecode.cpp.cpp; path = NRTPIncomingSource.cpp; sourceTree = "<group>"; };
		F46FDD2121C7A31E00EC45FE /* NRTPIncomingSource.hpp */ = {isa = PBXFileReference; lastKnownFileType = sourcecode.cpp.h; path = NRTPIncomingSource.hpp; sourceTree = "<group>"; };
		F49B1D6421100AAA008CF7A8 /* SDLFramework.cpp */ = {isa = PBXFileReference; lastKnownFileType = sourcecode.cpp.cpp; path = SDLFramework.cpp; sourceTree = "<group>"; };
		F49B1D6521100AAA008CF7A8 /* SDLFramework.hpp */ = {isa = PBXFileReference; lastKnownFileType = sourcecode.cpp.h; path = SDLFramework.hpp; sourceTree = "<group>"; };
		F49B1D6721101726008CF7A8 /* Lab020-Beauty.cpp */ = {isa = PBXFileReference; lastKnownFileType = sourcecode.cpp.cpp; path = "Lab020-Beauty.cpp"; sourceTree = "<group>"; };
		F49B1D6821101726008CF7A8 /* Lab020-Beauty.hpp */ = {isa = PBXFileReference; lastKnownFileType = sourcecode.cpp.h; path = "Lab020-Beauty.hpp"; sourceTree = "<group>"; };
		F49B1D6A211030A5008CF7A8 /* rbf.hpp */ = {isa = PBXFileReference; fileEncoding = 4; lastKnownFileType = sourcecode.cpp.h; path = rbf.hpp; sourceTree = "<group>"; };
		F49B1D6C21103E4E008CF7A8 /* stb_image_write.h */ = {isa = PBXFileReference; fileEncoding = 4; lastKnownFileType = sourcecode.c.h; path = stb_image_write.h; sourceTree = "<group>"; };
		F49B1D6D21103E4E008CF7A8 /* stb_image.h */ = {isa = PBXFileReference; fileEncoding = 4; lastKnownFileType = sourcecode.c.h; path = stb_image.h; sourceTree = "<group>"; };
		F49B1D6F21105F72008CF7A8 /* SDL_stbimage.h */ = {isa = PBXFileReference; fileEncoding = 4; lastKnownFileType = sourcecode.c.h; path = SDL_stbimage.h; sourceTree = "<group>"; };
		F49B1D702116AF4C008CF7A8 /* FFMpegFramework.hpp */ = {isa = PBXFileReference; fileEncoding = 4; lastKnownFileType = sourcecode.cpp.h; path = FFMpegFramework.hpp; sourceTree = "<group>"; };
		F49B1D712116AF4C008CF7A8 /* FFMpegFramework.cpp */ = {isa = PBXFileReference; fileEncoding = 4; lastKnownFileType = sourcecode.cpp.cpp; path = FFMpegFramework.cpp; sourceTree = "<group>"; };
		F49B1D732116B34D008CF7A8 /* libavcodec.a */ = {isa = PBXFileReference; lastKnownFileType = archive.ar; name = libavcodec.a; path = ../../../../../../../../../../usr/local/Cellar/ffmpeg/3.3/lib/libavcodec.a; sourceTree = "<group>"; };
		F49B1D742116B34D008CF7A8 /* libavformat.a */ = {isa = PBXFileReference; lastKnownFileType = archive.ar; name = libavformat.a; path = ../../../../../../../../../../usr/local/Cellar/ffmpeg/3.3/lib/libavformat.a; sourceTree = "<group>"; };
		F49B1D752116B34D008CF7A8 /* libavutil.a */ = {isa = PBXFileReference; lastKnownFileType = archive.ar; name = libavutil.a; path = ../../../../../../../../../../usr/local/Cellar/ffmpeg/3.3/lib/libavutil.a; sourceTree = "<group>"; };
		F49B1D762116B34D008CF7A8 /* libavresample.a */ = {isa = PBXFileReference; lastKnownFileType = archive.ar; name = libavresample.a; path = ../../../../../../../../../../usr/local/Cellar/ffmpeg/3.3/lib/libavresample.a; sourceTree = "<group>"; };
		F49B1D772116B34E008CF7A8 /* libavfilter.a */ = {isa = PBXFileReference; lastKnownFileType = archive.ar; name = libavfilter.a; path = ../../../../../../../../../../usr/local/Cellar/ffmpeg/3.3/lib/libavfilter.a; sourceTree = "<group>"; };
		F49B1D782116B34E008CF7A8 /* libavdevice.a */ = {isa = PBXFileReference; lastKnownFileType = archive.ar; name = libavdevice.a; path = ../../../../../../../../../../usr/local/Cellar/ffmpeg/3.3/lib/libavdevice.a; sourceTree = "<group>"; };
		F49B1D7F2116B365008CF7A8 /* libswresample.a */ = {isa = PBXFileReference; lastKnownFileType = archive.ar; name = libswresample.a; path = ../../../../../../../../../../usr/local/Cellar/ffmpeg/3.3/lib/libswresample.a; sourceTree = "<group>"; };
		F49B1D812116B388008CF7A8 /* libswscale.a */ = {isa = PBXFileReference; lastKnownFileType = archive.ar; name = libswscale.a; path = ../../../../../../../../../../usr/local/Cellar/ffmpeg/3.3/lib/libswscale.a; sourceTree = "<group>"; };
		F49B1D83211820C4008CF7A8 /* Lab010-VP8.hpp */ = {isa = PBXFileReference; fileEncoding = 4; lastKnownFileType = sourcecode.cpp.h; path = "Lab010-VP8.hpp"; sourceTree = "<group>"; };
		F4AA9BB92106CA7A009F11DE /* RTCLab */ = {isa = PBXFileReference; explicitFileType = "compiled.mach-o.executable"; includeInIndex = 0; path = RTCLab; sourceTree = BUILT_PRODUCTS_DIR; };
		F4AA9BBC2106CA7A009F11DE /* main.cpp */ = {isa = PBXFileReference; lastKnownFileType = sourcecode.cpp.cpp; path = main.cpp; sourceTree = "<group>"; };
		F4AA9BC42107453E009F11DE /* Lab010-VP8.cpp */ = {isa = PBXFileReference; fileEncoding = 4; lastKnownFileType = sourcecode.cpp.cpp; path = "Lab010-VP8.cpp"; sourceTree = "<group>"; };
		F4AA9BC721074673009F11DE /* libSDL2.a */ = {isa = PBXFileReference; lastKnownFileType = archive.ar; name = libSDL2.a; path = ../../../../../../../../../../usr/local/Cellar/sdl2/2.0.8/lib/libSDL2.a; sourceTree = "<group>"; };
		F4AA9BC821074673009F11DE /* libSDL2_ttf.a */ = {isa = PBXFileReference; lastKnownFileType = archive.ar; name = libSDL2_ttf.a; path = ../../../../../../../../../../usr/local/Cellar/sdl2_ttf/2.0.14/lib/libSDL2_ttf.a; sourceTree = "<group>"; };
		F4AA9BC921074673009F11DE /* libSDL2main.a */ = {isa = PBXFileReference; lastKnownFileType = archive.ar; name = libSDL2main.a; path = ../../../../../../../../../../usr/local/Cellar/sdl2/2.0.8/lib/libSDL2main.a; sourceTree = "<group>"; };
		F4AA9BCA21074673009F11DE /* libvpx.a */ = {isa = PBXFileReference; lastKnownFileType = archive.ar; name = libvpx.a; path = ../../../../../../../../../../usr/local/Cellar/libvpx/1.6.1/lib/libvpx.a; sourceTree = "<group>"; };
		F4D5B75821AD0A0C00BD2A64 /* NUtil.cpp */ = {isa = PBXFileReference; lastKnownFileType = sourcecode.cpp.cpp; path = NUtil.cpp; sourceTree = "<group>"; };
		F4D5B75921AD0A0C00BD2A64 /* NUtil.hpp */ = {isa = PBXFileReference; lastKnownFileType = sourcecode.cpp.h; path = NUtil.hpp; sourceTree = "<group>"; };
		F4D5B75B21B80D8300BD2A64 /* NRTPReceiver.cpp */ = {isa = PBXFileReference; lastKnownFileType = sourcecode.cpp.cpp; path = NRTPReceiver.cpp; sourceTree = "<group>"; };
		F4D5B75C21B80D8300BD2A64 /* NRTPReceiver.hpp */ = {isa = PBXFileReference; lastKnownFileType = sourcecode.cpp.h; path = NRTPReceiver.hpp; sourceTree = "<group>"; };
		F4D5B75E21BA311E00BD2A64 /* VP8Framework.cpp */ = {isa = PBXFileReference; lastKnownFileType = sourcecode.cpp.cpp; path = VP8Framework.cpp; sourceTree = "<group>"; };
		F4D5B75F21BA311E00BD2A64 /* VP8Framework.hpp */ = {isa = PBXFileReference; lastKnownFileType = sourcecode.cpp.h; path = VP8Framework.hpp; sourceTree = "<group>"; };
		F4FF95DE21A2E7360005A1BE /* NRTPMap.hpp */ = {isa = PBXFileReference; fileEncoding = 4; lastKnownFileType = sourcecode.cpp.h; path = NRTPMap.hpp; sourceTree = "<group>"; };
		F4FF95DF21A2E7360005A1BE /* NRTPMap.cpp */ = {isa = PBXFileReference; fileEncoding = 4; lastKnownFileType = sourcecode.cpp.cpp; path = NRTPMap.cpp; sourceTree = "<group>"; };
/* End PBXFileReference section */

/* Begin PBXFrameworksBuildPhase section */
		F4AA9BB62106CA7A009F11DE /* Frameworks */ = {
			isa = PBXFrameworksBuildPhase;
			buildActionMask = 2147483647;
			files = (
				F42A9E87217985870081FA34 /* libopus.a in Frameworks */,
				F42A9E85217720D30081FA34 /* libevent.a in Frameworks */,
				F49B1D822116B389008CF7A8 /* libswscale.a in Frameworks */,
				F49B1D802116B365008CF7A8 /* libswresample.a in Frameworks */,
				F49B1D792116B34E008CF7A8 /* libavcodec.a in Frameworks */,
				F49B1D7A2116B34E008CF7A8 /* libavformat.a in Frameworks */,
				F49B1D7B2116B34E008CF7A8 /* libavutil.a in Frameworks */,
				F49B1D7C2116B34E008CF7A8 /* libavresample.a in Frameworks */,
				F49B1D7D2116B34E008CF7A8 /* libavfilter.a in Frameworks */,
				F49B1D7E2116B34E008CF7A8 /* libavdevice.a in Frameworks */,
				F4AA9BCB21074673009F11DE /* libSDL2.a in Frameworks */,
				F4AA9BCC21074673009F11DE /* libSDL2_ttf.a in Frameworks */,
				F4AA9BCD21074673009F11DE /* libSDL2main.a in Frameworks */,
				F4AA9BCE21074673009F11DE /* libvpx.a in Frameworks */,
			);
			runOnlyForDeploymentPostprocessing = 0;
		};
/* End PBXFrameworksBuildPhase section */

/* Begin PBXGroup section */
		F42A9E7D217719E50081FA34 /* ev_socket */ = {
			isa = PBXGroup;
			children = (
				F42A9E80217719E50081FA34 /* XSocket.cpp */,
				F42A9E81217719E50081FA34 /* XSocket.h */,
			);
			path = ev_socket;
			sourceTree = "<group>";
		};
		F42A9E8B2179DA0E0081FA34 /* branch_stream */ = {
			isa = PBXGroup;
			children = (
				F42A9E8C2179DA0E0081FA34 /* BStreamProto.h */,
				F42A9E8D2179DA0E0081FA34 /* BStreamProto.cpp */,
			);
			path = branch_stream;
			sourceTree = "<group>";
		};
		F42A9E8F2179DC670081FA34 /* rapidjson */ = {
			isa = PBXGroup;
			children = (
				F42A9E902179DC670081FA34 /* fwd.h */,
				F42A9E912179DC670081FA34 /* memorystream.h */,
				F42A9E922179DC670081FA34 /* reader.h */,
				F42A9E932179DC670081FA34 /* prettywriter.h */,
				F42A9E942179DC670081FA34 /* ostreamwrapper.h */,
				F42A9E952179DC670081FA34 /* encodedstream.h */,
				F42A9E962179DC670081FA34 /* filereadstream.h */,
				F42A9E972179DC670081FA34 /* istreamwrapper.h */,
				F42A9E982179DC670081FA34 /* stringbuffer.h */,
				F42A9E992179DC670081FA34 /* internal */,
				F42A9EA62179DC670081FA34 /* encodings.h */,
				F42A9EA72179DC670081FA34 /* schema.h */,
				F42A9EA82179DC670081FA34 /* stream.h */,
				F42A9EA92179DC670081FA34 /* filewritestream.h */,
				F42A9EAA2179DC670081FA34 /* rapidjson.h */,
				F42A9EAB2179DC670081FA34 /* document.h */,
				F42A9EAC2179DC670081FA34 /* allocators.h */,
				F42A9EAD2179DC670081FA34 /* writer.h */,
				F42A9EAE2179DC670081FA34 /* error */,
				F42A9EB12179DC670081FA34 /* memorybuffer.h */,
				F42A9EB22179DC670081FA34 /* pointer.h */,
				F42A9EB32179DC670081FA34 /* msinttypes */,
			);
			path = rapidjson;
			sourceTree = "<group>";
		};
		F42A9E992179DC670081FA34 /* internal */ = {
			isa = PBXGroup;
			children = (
				F42A9E9A2179DC670081FA34 /* ieee754.h */,
				F42A9E9B2179DC670081FA34 /* strtod.h */,
				F42A9E9C2179DC670081FA34 /* swap.h */,
				F42A9E9D2179DC670081FA34 /* regex.h */,
				F42A9E9E2179DC670081FA34 /* diyfp.h */,
				F42A9E9F2179DC670081FA34 /* biginteger.h */,
				F42A9EA02179DC670081FA34 /* strfunc.h */,
				F42A9EA12179DC670081FA34 /* itoa.h */,
				F42A9EA22179DC670081FA34 /* stack.h */,
				F42A9EA32179DC670081FA34 /* dtoa.h */,
				F42A9EA42179DC670081FA34 /* meta.h */,
				F42A9EA52179DC670081FA34 /* pow10.h */,
			);
			path = internal;
			sourceTree = "<group>";
		};
		F42A9EAE2179DC670081FA34 /* error */ = {
			isa = PBXGroup;
			children = (
				F42A9EAF2179DC670081FA34 /* error.h */,
				F42A9EB02179DC670081FA34 /* en.h */,
			);
			path = error;
			sourceTree = "<group>";
		};
		F42A9EB32179DC670081FA34 /* msinttypes */ = {
			isa = PBXGroup;
			children = (
				F42A9EB42179DC670081FA34 /* inttypes.h */,
				F42A9EB52179DC670081FA34 /* stdint.h */,
			);
			path = msinttypes;
			sourceTree = "<group>";
		};
		F42A9EBC218015100081FA34 /* xsrc */ = {
			isa = PBXGroup;
			children = (
				F42A9EBD218015100081FA34 /* xutil.h */,
				F42A9EBF218015100081FA34 /* xrtp_h264.cpp */,
				F42A9EC0218015100081FA34 /* xnalu.h */,
				F42A9EC1218015100081FA34 /* xutil.cpp */,
				F42A9EC2218015100081FA34 /* xnalu.cpp */,
				F42A9EC3218015100081FA34 /* xrtp_h264.h */,
				F42A9EC4218015100081FA34 /* xrtp_defs.h */,
				F42A9EC5218015100081FA34 /* plw_defs.h */,
				F42A9EC7218015100081FA34 /* SimpleAppLog.h */,
				F42A9EC8218015100081FA34 /* dbg_defs.h */,
				F42A9EC9218015100081FA34 /* SimpleAppLog.cpp */,
			);
			path = xsrc;
			sourceTree = "<group>";
		};
		F42A9EE9218017080081FA34 /* libevrtmp */ = {
			isa = PBXGroup;
			children = (
				F42A9EEA218017080081FA34 /* log.c */,
				F42A9EEC218017080081FA34 /* evrtmp_client.cpp */,
				F42A9EED218017080081FA34 /* http.h */,
				F42A9EEE218017080081FA34 /* handshake.h */,
				F42A9EEF218017080081FA34 /* dh.h */,
				F42A9EF1218017080081FA34 /* dhgroups.h */,
				F42A9EF2218017080081FA34 /* rtmp_sys.h */,
				F42A9EF3218017080081FA34 /* hashswf.c */,
				F42A9EF4218017080081FA34 /* rtmp.c */,
				F42A9EF5218017080081FA34 /* evrtmp_client.h */,
				F42A9EF6218017080081FA34 /* amf.h */,
				F42A9EF9218017080081FA34 /* log.h */,
				F42A9EFA218017080081FA34 /* bytes.h */,
				F42A9EFC218017080081FA34 /* parseurl.c */,
				F42A9EFD218017080081FA34 /* amf.c */,
				F42A9EFE218017080081FA34 /* rtmp.h */,
			);
			path = libevrtmp;
			sourceTree = "<group>";
		};
		F44A0616216F7D9D00599788 /* srs_librtmp */ = {
			isa = PBXGroup;
			children = (
				F44A0617216F7D9D00599788 /* srs_librtmp.h */,
				F44A0618216F7D9D00599788 /* srs_librtmp.cpp */,
			);
			path = srs_librtmp;
			sourceTree = "<group>";
		};
		F46FDCDD21BFEE8500EC45FE /* spdlog */ = {
			isa = PBXGroup;
			children = (
				F46FDCDE21BFEE8500EC45FE /* version.h */,
				F46FDCDF21BFEE8500EC45FE /* spdlog.h */,
				F46FDCE021BFEE8500EC45FE /* fmt */,
				F46FDCEF21BFEE8500EC45FE /* sinks */,
				F46FDCFF21BFEE8500EC45FE /* formatter.h */,
				F46FDD0021BFEE8500EC45FE /* details */,
				F46FDD0F21BFEE8500EC45FE /* async_logger.h */,
				F46FDD1021BFEE8500EC45FE /* tweakme.h */,
				F46FDD1121BFEE8500EC45FE /* async.h */,
				F46FDD1221BFEE8500EC45FE /* common.h */,
				F46FDD1321BFEE8500EC45FE /* logger.h */,
			);
			path = spdlog;
			sourceTree = "<group>";
		};
		F46FDCE021BFEE8500EC45FE /* fmt */ = {
			isa = PBXGroup;
			children = (
				F46FDCE121BFEE8500EC45FE /* bin_to_hex.h */,
				F46FDCE221BFEE8500EC45FE /* bundled */,
				F46FDCED21BFEE8500EC45FE /* fmt.h */,
				F46FDCEE21BFEE8500EC45FE /* ostr.h */,
			);
			path = fmt;
			sourceTree = "<group>";
		};
		F46FDCE221BFEE8500EC45FE /* bundled */ = {
			isa = PBXGroup;
			children = (
				F46FDCE321BFEE8500EC45FE /* time.h */,
				F46FDCE421BFEE8500EC45FE /* ostream.h */,
				F46FDCE521BFEE8500EC45FE /* format-inl.h */,
				F46FDCE621BFEE8500EC45FE /* ranges.h */,
				F46FDCE721BFEE8500EC45FE /* core.h */,
				F46FDCE821BFEE8500EC45FE /* colors.h */,
				F46FDCE921BFEE8500EC45FE /* printf.h */,
				F46FDCEA21BFEE8500EC45FE /* posix.h */,
				F46FDCEB21BFEE8500EC45FE /* LICENSE.rst */,
				F46FDCEC21BFEE8500EC45FE /* format.h */,
			);
			path = bundled;
			sourceTree = "<group>";
		};
		F46FDCEF21BFEE8500EC45FE /* sinks */ = {
			isa = PBXGroup;
			children = (
				F46FDCF021BFEE8500EC45FE /* stdout_sinks.h */,
				F46FDCF121BFEE8500EC45FE /* basic_file_sink.h */,
				F46FDCF221BFEE8500EC45FE /* rotating_file_sink.h */,
				F46FDCF321BFEE8500EC45FE /* daily_file_sink.h */,
				F46FDCF421BFEE8500EC45FE /* ansicolor_sink.h */,
				F46FDCF521BFEE8500EC45FE /* base_sink.h */,
				F46FDCF621BFEE8500EC45FE /* stdout_color_sinks.h */,
				F46FDCF721BFEE8500EC45FE /* dist_sink.h */,
				F46FDCF821BFEE8500EC45FE /* msvc_sink.h */,
				F46FDCF921BFEE8500EC45FE /* android_sink.h */,
				F46FDCFA21BFEE8500EC45FE /* sink.h */,
				F46FDCFB21BFEE8500EC45FE /* syslog_sink.h */,
				F46FDCFC21BFEE8500EC45FE /* ostream_sink.h */,
				F46FDCFD21BFEE8500EC45FE /* null_sink.h */,
				F46FDCFE21BFEE8500EC45FE /* wincolor_sink.h */,
			);
			path = sinks;
			sourceTree = "<group>";
		};
		F46FDD0021BFEE8500EC45FE /* details */ = {
			isa = PBXGroup;
			children = (
				F46FDD0121BFEE8500EC45FE /* file_helper.h */,
				F46FDD0221BFEE8500EC45FE /* periodic_worker.h */,
				F46FDD0321BFEE8500EC45FE /* logger_impl.h */,
				F46FDD0421BFEE8500EC45FE /* mpmc_blocking_q.h */,
				F46FDD0521BFEE8500EC45FE /* os.h */,
				F46FDD0621BFEE8500EC45FE /* fmt_helper.h */,
				F46FDD0721BFEE8500EC45FE /* null_mutex.h */,
				F46FDD0821BFEE8500EC45FE /* registry.h */,
				F46FDD0921BFEE8500EC45FE /* thread_pool.h */,
				F46FDD0A21BFEE8500EC45FE /* circular_q.h */,
				F46FDD0B21BFEE8500EC45FE /* log_msg.h */,
				F46FDD0C21BFEE8500EC45FE /* pattern_formatter.h */,
				F46FDD0D21BFEE8500EC45FE /* async_logger_impl.h */,
				F46FDD0E21BFEE8500EC45FE /* console_globals.h */,
			);
			path = details;
			sourceTree = "<group>";
		};
		F49B1D6B21103E4E008CF7A8 /* stb */ = {
			isa = PBXGroup;
			children = (
				F49B1D6C21103E4E008CF7A8 /* stb_image_write.h */,
				F49B1D6D21103E4E008CF7A8 /* stb_image.h */,
			);
			path = stb;
			sourceTree = "<group>";
		};
		F49B1D6E21105F72008CF7A8 /* SDL_stb */ = {
			isa = PBXGroup;
			children = (
				F49B1D6F21105F72008CF7A8 /* SDL_stbimage.h */,
			);
			path = SDL_stb;
			sourceTree = "<group>";
		};
		F4AA9BB02106CA79009F11DE = {
			isa = PBXGroup;
			children = (
				F4AA9BC621074673009F11DE /* Frameworks */,
				F4AA9BBA2106CA7A009F11DE /* Products */,
				F4AA9BBB2106CA7A009F11DE /* RTCLab */,
				F4AA9BC32107453E009F11DE /* src */,
			);
			sourceTree = "<group>";
		};
		F4AA9BBA2106CA7A009F11DE /* Products */ = {
			isa = PBXGroup;
			children = (
				F4AA9BB92106CA7A009F11DE /* RTCLab */,
			);
			name = Products;
			sourceTree = "<group>";
		};
		F4AA9BBB2106CA7A009F11DE /* RTCLab */ = {
			isa = PBXGroup;
			children = (
				F4AA9BBC2106CA7A009F11DE /* main.cpp */,
			);
			path = RTCLab;
			sourceTree = "<group>";
		};
		F4AA9BC32107453E009F11DE /* src */ = {
			isa = PBXGroup;
			children = (
				F42A9E8B2179DA0E0081FA34 /* branch_stream */,
				F42A9E7D217719E50081FA34 /* ev_socket */,
				F49B1D712116AF4C008CF7A8 /* FFMpegFramework.cpp */,
				F49B1D702116AF4C008CF7A8 /* FFMpegFramework.hpp */,
				F42A9E7A217715BD0081FA34 /* Lab000-Demo.cpp */,
				F42A9E7B217715BD0081FA34 /* Lab000-Demo.hpp */,
				F4AA9BC42107453E009F11DE /* Lab010-VP8.cpp */,
				F49B1D83211820C4008CF7A8 /* Lab010-VP8.hpp */,
				F49B1D6721101726008CF7A8 /* Lab020-Beauty.cpp */,
				F49B1D6821101726008CF7A8 /* Lab020-Beauty.hpp */,
				F44A061B216F7E1700599788 /* Lab030-RTMPPush.cpp */,
				F44A061A216F7E1700599788 /* Lab030-RTMPPush.hpp */,
				F42A9F07218018260081FA34 /* Lab034-EVRTMPPush.cpp */,
				F42A9F06218018260081FA34 /* Lab034-EVRTMPPush.hpp */,
				F42A9EB9217DB7E00081FA34 /* Lab040-BStreamDump.cpp */,
				F42A9EB6217DB7E00081FA34 /* Lab040-BStreamDump.hpp */,
				F42A9EB8217DB7E00081FA34 /* Lab041-BStreamTLVPlayer.cpp */,
				F42A9EB7217DB7E00081FA34 /* Lab041-BStreamTLVPlayer.hpp */,
				F464B59B21DE1AE9004537CB /* Lab050-FFPlayer.cpp */,
				F464B59C21DE1AE9004537CB /* Lab050-FFPlayer.hpp */,
				F42A9EE9218017080081FA34 /* libevrtmp */,
				F4FF95DD21A2E7360005A1BE /* NMedia */,
				F42A9E8F2179DC670081FA34 /* rapidjson */,
				F464B59921DE072F004537CB /* rav_record.cc */,
				F464B59821DE072F004537CB /* rav_record.h */,
				F49B1D6A211030A5008CF7A8 /* rbf.hpp */,
				F49B1D6E21105F72008CF7A8 /* SDL_stb */,
				F49B1D6421100AAA008CF7A8 /* SDLFramework.cpp */,
				F49B1D6521100AAA008CF7A8 /* SDLFramework.hpp */,
				F46FDCDD21BFEE8500EC45FE /* spdlog */,
				F44A0616216F7D9D00599788 /* srs_librtmp */,
				F49B1D6B21103E4E008CF7A8 /* stb */,
				F4D5B75E21BA311E00BD2A64 /* VP8Framework.cpp */,
				F4D5B75F21BA311E00BD2A64 /* VP8Framework.hpp */,
				F42A9EBC218015100081FA34 /* xsrc */,
				F42A9E882179BB5D0081FA34 /* xtlv_file.cpp */,
				F42A9E892179BB5D0081FA34 /* xtlv_file.h */,
			);
			name = src;
			path = ../src;
			sourceTree = "<group>";
		};
		F4AA9BC621074673009F11DE /* Frameworks */ = {
			isa = PBXGroup;
			children = (
				F42A9E86217985870081FA34 /* libopus.a */,
				F42A9E84217720D30081FA34 /* libevent.a */,
				F49B1D812116B388008CF7A8 /* libswscale.a */,
				F49B1D7F2116B365008CF7A8 /* libswresample.a */,
				F49B1D732116B34D008CF7A8 /* libavcodec.a */,
				F49B1D782116B34E008CF7A8 /* libavdevice.a */,
				F49B1D772116B34E008CF7A8 /* libavfilter.a */,
				F49B1D742116B34D008CF7A8 /* libavformat.a */,
				F49B1D762116B34D008CF7A8 /* libavresample.a */,
				F49B1D752116B34D008CF7A8 /* libavutil.a */,
				F4AA9BC821074673009F11DE /* libSDL2_ttf.a */,
				F4AA9BC721074673009F11DE /* libSDL2.a */,
				F4AA9BC921074673009F11DE /* libSDL2main.a */,
				F4AA9BCA21074673009F11DE /* libvpx.a */,
			);
			name = Frameworks;
			sourceTree = "<group>";
		};
		F4FF95DD21A2E7360005A1BE /* NMedia */ = {
			isa = PBXGroup;
			children = (
				F4FF95DE21A2E7360005A1BE /* NRTPMap.hpp */,
				F4FF95DF21A2E7360005A1BE /* NRTPMap.cpp */,
				F4D5B75821AD0A0C00BD2A64 /* NUtil.cpp */,
				F4D5B75921AD0A0C00BD2A64 /* NUtil.hpp */,
				F4D5B75B21B80D8300BD2A64 /* NRTPReceiver.cpp */,
				F4D5B75C21B80D8300BD2A64 /* NRTPReceiver.hpp */,
				F46FDCA221BBD1B800EC45FE /* NRTCPPacket.cpp */,
				F46FDCA321BBD1B800EC45FE /* NRTCPPacket.hpp */,
				F46FDD1421C79AFD00EC45FE /* NRTPTime.cpp */,
				F46FDD1521C79AFD00EC45FE /* NRTPTime.hpp */,
				F46FDD1721C79D9300EC45FE /* NLogger.cpp */,
				F46FDD1821C79D9300EC45FE /* NLogger.hpp */,
				F46FDD1A21C79F2900EC45FE /* NCircularBuffer.cpp */,
				F46FDD1B21C79F2900EC45FE /* NCircularBuffer.hpp */,
				F46FDD1D21C79FF000EC45FE /* NRTPPacketWindow.cpp */,
				F46FDD1E21C79FF000EC45FE /* NRTPPacketWindow.hpp */,
				F46FDD2021C7A31E00EC45FE /* NRTPIncomingSource.cpp */,
				F46FDD2121C7A31E00EC45FE /* NRTPIncomingSource.hpp */,
			);
			path = NMedia;
			sourceTree = "<group>";
		};
/* End PBXGroup section */

/* Begin PBXNativeTarget section */
		F4AA9BB82106CA7A009F11DE /* RTCLab */ = {
			isa = PBXNativeTarget;
			buildConfigurationList = F4AA9BC02106CA7A009F11DE /* Build configuration list for PBXNativeTarget "RTCLab" */;
			buildPhases = (
				F4AA9BB52106CA7A009F11DE /* Sources */,
				F4AA9BB62106CA7A009F11DE /* Frameworks */,
				F4AA9BB72106CA7A009F11DE /* CopyFiles */,
			);
			buildRules = (
			);
			dependencies = (
			);
			name = RTCLab;
			productName = RTCLab;
			productReference = F4AA9BB92106CA7A009F11DE /* RTCLab */;
			productType = "com.apple.product-type.tool";
		};
/* End PBXNativeTarget section */

/* Begin PBXProject section */
		F4AA9BB12106CA79009F11DE /* Project object */ = {
			isa = PBXProject;
			attributes = {
				LastUpgradeCheck = 0930;
				ORGANIZATIONNAME = easemob;
				TargetAttributes = {
					F4AA9BB82106CA7A009F11DE = {
						CreatedOnToolsVersion = 9.3;
					};
				};
			};
			buildConfigurationList = F4AA9BB42106CA79009F11DE /* Build configuration list for PBXProject "RTCLab" */;
			compatibilityVersion = "Xcode 9.3";
			developmentRegion = en;
			hasScannedForEncodings = 0;
			knownRegions = (
				en,
			);
			mainGroup = F4AA9BB02106CA79009F11DE;
			productRefGroup = F4AA9BBA2106CA7A009F11DE /* Products */;
			projectDirPath = "";
			projectRoot = "";
			targets = (
				F4AA9BB82106CA7A009F11DE /* RTCLab */,
			);
		};
/* End PBXProject section */

/* Begin PBXSourcesBuildPhase section */
		F4AA9BB52106CA7A009F11DE /* Sources */ = {
			isa = PBXSourcesBuildPhase;
			buildActionMask = 2147483647;
			files = (
				F4D5B75D21B80D8300BD2A64 /* NRTPReceiver.cpp in Sources */,
				F46FDD1C21C79F2900EC45FE /* NCircularBuffer.cpp in Sources */,
				F46FDD1921C79D9300EC45FE /* NLogger.cpp in Sources */,
				F42A9EFF218017090081FA34 /* log.c in Sources */,
				F42A9ECC218015100081FA34 /* xutil.cpp in Sources */,
				F46FDCA421BBD1B800EC45FE /* NRTCPPacket.cpp in Sources */,
				F42A9EBA217DB7E00081FA34 /* Lab041-BStreamTLVPlayer.cpp in Sources */,
				F49B1D722116AF4C008CF7A8 /* FFMpegFramework.cpp in Sources */,
				F4D5B76021BA311E00BD2A64 /* VP8Framework.cpp in Sources */,
				F42A9EBB217DB7E00081FA34 /* Lab040-BStreamDump.cpp in Sources */,
				F464B59D21DE1AE9004537CB /* Lab050-FFPlayer.cpp in Sources */,
				F46FDD1F21C79FF000EC45FE /* NRTPPacketWindow.cpp in Sources */,
				F464B59A21DE0730004537CB /* rav_record.cc in Sources */,
				F42A9E7C217715BD0081FA34 /* Lab000-Demo.cpp in Sources */,
				F42A9F04218017090081FA34 /* parseurl.c in Sources */,
				F42A9F08218018260081FA34 /* Lab034-EVRTMPPush.cpp in Sources */,
				F4D5B75A21AD0A0C00BD2A64 /* NUtil.cpp in Sources */,
				F4FF95E021A2E7360005A1BE /* NRTPMap.cpp in Sources */,
				F42A9F00218017090081FA34 /* evrtmp_client.cpp in Sources */,
				F42A9E8E2179DA0E0081FA34 /* BStreamProto.cpp in Sources */,
				F42A9ECE218015100081FA34 /* SimpleAppLog.cpp in Sources */,
				F42A9E83217719E50081FA34 /* XSocket.cpp in Sources */,
				F46FDD2221C7A31E00EC45FE /* NRTPIncomingSource.cpp in Sources */,
				F42A9F03218017090081FA34 /* rtmp.c in Sources */,
				F42A9F02218017090081FA34 /* hashswf.c in Sources */,
				F44A0619216F7D9E00599788 /* srs_librtmp.cpp in Sources */,
				F4AA9BC52107453E009F11DE /* Lab010-VP8.cpp in Sources */,
				F42A9ECD218015100081FA34 /* xnalu.cpp in Sources */,
				F42A9ECB218015100081FA34 /* xrtp_h264.cpp in Sources */,
				F42A9F05218017090081FA34 /* amf.c in Sources */,
				F49B1D6621100AAA008CF7A8 /* SDLFramework.cpp in Sources */,
				F44A061C216F7E1700599788 /* Lab030-RTMPPush.cpp in Sources */,
				F49B1D6921101726008CF7A8 /* Lab020-Beauty.cpp in Sources */,
				F4AA9BBD2106CA7A009F11DE /* main.cpp in Sources */,
				F46FDD1621C79AFD00EC45FE /* NRTPTime.cpp in Sources */,
				F42A9E8A2179BB5D0081FA34 /* xtlv_file.cpp in Sources */,
			);
			runOnlyForDeploymentPostprocessing = 0;
		};
/* End PBXSourcesBuildPhase section */

/* Begin XCBuildConfiguration section */
		F4AA9BBE2106CA7A009F11DE /* Debug */ = {
			isa = XCBuildConfiguration;
			buildSettings = {
				ALWAYS_SEARCH_USER_PATHS = NO;
				CLANG_ANALYZER_NONNULL = YES;
				CLANG_ANALYZER_NUMBER_OBJECT_CONVERSION = YES_AGGRESSIVE;
				CLANG_CXX_LANGUAGE_STANDARD = "gnu++14";
				CLANG_CXX_LIBRARY = "libc++";
				CLANG_ENABLE_MODULES = YES;
				CLANG_ENABLE_OBJC_ARC = YES;
				CLANG_ENABLE_OBJC_WEAK = YES;
				CLANG_WARN_BLOCK_CAPTURE_AUTORELEASING = YES;
				CLANG_WARN_BOOL_CONVERSION = YES;
				CLANG_WARN_COMMA = YES;
				CLANG_WARN_CONSTANT_CONVERSION = YES;
				CLANG_WARN_DEPRECATED_OBJC_IMPLEMENTATIONS = YES;
				CLANG_WARN_DIRECT_OBJC_ISA_USAGE = YES_ERROR;
				CLANG_WARN_DOCUMENTATION_COMMENTS = YES;
				CLANG_WARN_EMPTY_BODY = YES;
				CLANG_WARN_ENUM_CONVERSION = YES;
				CLANG_WARN_INFINITE_RECURSION = YES;
				CLANG_WARN_INT_CONVERSION = YES;
				CLANG_WARN_NON_LITERAL_NULL_CONVERSION = YES;
				CLANG_WARN_OBJC_IMPLICIT_RETAIN_SELF = YES;
				CLANG_WARN_OBJC_LITERAL_CONVERSION = YES;
				CLANG_WARN_OBJC_ROOT_CLASS = YES_ERROR;
				CLANG_WARN_RANGE_LOOP_ANALYSIS = YES;
				CLANG_WARN_STRICT_PROTOTYPES = YES;
				CLANG_WARN_SUSPICIOUS_MOVE = YES;
				CLANG_WARN_UNGUARDED_AVAILABILITY = YES_AGGRESSIVE;
				CLANG_WARN_UNREACHABLE_CODE = YES;
				CLANG_WARN__DUPLICATE_METHOD_MATCH = YES;
				CODE_SIGN_IDENTITY = "-";
				COPY_PHASE_STRIP = NO;
				DEBUG_INFORMATION_FORMAT = dwarf;
				ENABLE_STRICT_OBJC_MSGSEND = YES;
				ENABLE_TESTABILITY = YES;
				GCC_C_LANGUAGE_STANDARD = gnu11;
				GCC_DYNAMIC_NO_PIC = NO;
				GCC_NO_COMMON_BLOCKS = YES;
				GCC_OPTIMIZATION_LEVEL = 0;
				GCC_PREPROCESSOR_DEFINITIONS = (
					"DEBUG=1",
					"$(inherited)",
				);
				GCC_WARN_64_TO_32_BIT_CONVERSION = YES;
				GCC_WARN_ABOUT_RETURN_TYPE = YES_ERROR;
				GCC_WARN_UNDECLARED_SELECTOR = YES;
				GCC_WARN_UNINITIALIZED_AUTOS = YES_AGGRESSIVE;
				GCC_WARN_UNUSED_FUNCTION = YES;
				GCC_WARN_UNUSED_VARIABLE = YES;
				MACOSX_DEPLOYMENT_TARGET = 10.13;
				MTL_ENABLE_DEBUG_INFO = YES;
				ONLY_ACTIVE_ARCH = YES;
				SDKROOT = macosx;
			};
			name = Debug;
		};
		F4AA9BBF2106CA7A009F11DE /* Release */ = {
			isa = XCBuildConfiguration;
			buildSettings = {
				ALWAYS_SEARCH_USER_PATHS = NO;
				CLANG_ANALYZER_NONNULL = YES;
				CLANG_ANALYZER_NUMBER_OBJECT_CONVERSION = YES_AGGRESSIVE;
				CLANG_CXX_LANGUAGE_STANDARD = "gnu++14";
				CLANG_CXX_LIBRARY = "libc++";
				CLANG_ENABLE_MODULES = YES;
				CLANG_ENABLE_OBJC_ARC = YES;
				CLANG_ENABLE_OBJC_WEAK = YES;
				CLANG_WARN_BLOCK_CAPTURE_AUTORELEASING = YES;
				CLANG_WARN_BOOL_CONVERSION = YES;
				CLANG_WARN_COMMA = YES;
				CLANG_WARN_CONSTANT_CONVERSION = YES;
				CLANG_WARN_DEPRECATED_OBJC_IMPLEMENTATIONS = YES;
				CLANG_WARN_DIRECT_OBJC_ISA_USAGE = YES_ERROR;
				CLANG_WARN_DOCUMENTATION_COMMENTS = YES;
				CLANG_WARN_EMPTY_BODY = YES;
				CLANG_WARN_ENUM_CONVERSION = YES;
				CLANG_WARN_INFINITE_RECURSION = YES;
				CLANG_WARN_INT_CONVERSION = YES;
				CLANG_WARN_NON_LITERAL_NULL_CONVERSION = YES;
				CLANG_WARN_OBJC_IMPLICIT_RETAIN_SELF = YES;
				CLANG_WARN_OBJC_LITERAL_CONVERSION = YES;
				CLANG_WARN_OBJC_ROOT_CLASS = YES_ERROR;
				CLANG_WARN_RANGE_LOOP_ANALYSIS = YES;
				CLANG_WARN_STRICT_PROTOTYPES = YES;
				CLANG_WARN_SUSPICIOUS_MOVE = YES;
				CLANG_WARN_UNGUARDED_AVAILABILITY = YES_AGGRESSIVE;
				CLANG_WARN_UNREACHABLE_CODE = YES;
				CLANG_WARN__DUPLICATE_METHOD_MATCH = YES;
				CODE_SIGN_IDENTITY = "-";
				COPY_PHASE_STRIP = NO;
				DEBUG_INFORMATION_FORMAT = "dwarf-with-dsym";
				ENABLE_NS_ASSERTIONS = NO;
				ENABLE_STRICT_OBJC_MSGSEND = YES;
				GCC_C_LANGUAGE_STANDARD = gnu11;
				GCC_NO_COMMON_BLOCKS = YES;
				GCC_WARN_64_TO_32_BIT_CONVERSION = YES;
				GCC_WARN_ABOUT_RETURN_TYPE = YES_ERROR;
				GCC_WARN_UNDECLARED_SELECTOR = YES;
				GCC_WARN_UNINITIALIZED_AUTOS = YES_AGGRESSIVE;
				GCC_WARN_UNUSED_FUNCTION = YES;
				GCC_WARN_UNUSED_VARIABLE = YES;
				MACOSX_DEPLOYMENT_TARGET = 10.13;
				MTL_ENABLE_DEBUG_INFO = NO;
				SDKROOT = macosx;
			};
			name = Release;
		};
		F4AA9BC12106CA7A009F11DE /* Debug */ = {
			isa = XCBuildConfiguration;
			buildSettings = {
				CLANG_CXX_LANGUAGE_STANDARD = "gnu++14";
				CODE_SIGN_STYLE = Automatic;
				HEADER_SEARCH_PATHS = (
					/usr/local/include,
					"$(SRCROOT)/../src",
				);
				LIBRARY_SEARCH_PATHS = (
					/usr/local/lib,
					/usr/local/Cellar/sdl2/2.0.8/lib,
					/usr/local/Cellar/sdl2_ttf/2.0.14/lib,
					/usr/local/Cellar/libvpx/1.6.1/lib,
					/usr/local/Cellar/ffmpeg/3.3/lib,
					/usr/local/Cellar/libevent/2.0.22/lib,
					/usr/local/Cellar/opus/1.1.4/lib,
				);
				PRODUCT_NAME = "$(TARGET_NAME)";
			};
			name = Debug;
		};
		F4AA9BC22106CA7A009F11DE /* Release */ = {
			isa = XCBuildConfiguration;
			buildSettings = {
				CLANG_CXX_LANGUAGE_STANDARD = "gnu++14";
				CODE_SIGN_STYLE = Automatic;
				HEADER_SEARCH_PATHS = (
					/usr/local/include,
					"$(SRCROOT)/../src",
				);
				LIBRARY_SEARCH_PATHS = (
					/usr/local/lib,
					/usr/local/Cellar/sdl2/2.0.8/lib,
					/usr/local/Cellar/sdl2_ttf/2.0.14/lib,
					/usr/local/Cellar/libvpx/1.6.1/lib,
					/usr/local/Cellar/ffmpeg/3.3/lib,
					/usr/local/Cellar/libevent/2.0.22/lib,
					/usr/local/Cellar/opus/1.1.4/lib,
				);
				PRODUCT_NAME = "$(TARGET_NAME)";
			};
			name = Release;
		};
/* End XCBuildConfiguration section */

/* Begin XCConfigurationList section */
		F4AA9BB42106CA79009F11DE /* Build configuration list for PBXProject "RTCLab" */ = {
			isa = XCConfigurationList;
			buildConfigurations = (
				F4AA9BBE2106CA7A009F11DE /* Debug */,
				F4AA9BBF2106CA7A009F11DE /* Release */,
			);
			defaultConfigurationIsVisible = 0;
			defaultConfigurationName = Release;
		};
		F4AA9BC02106CA7A009F11DE /* Build configuration list for PBXNativeTarget "RTCLab" */ = {
			isa = XCConfigurationList;
			buildConfigurations = (
				F4AA9BC12106CA7A009F11DE /* Debug */,
				F4AA9BC22106CA7A009F11DE /* Release */,
			);
			defaultConfigurationIsVisible = 0;
			defaultConfigurationName = Release;
		};
/* End XCConfigurationList section */
	};
	rootObject = F4AA9BB12106CA79009F11DE /* Project object */;
}
