// !$*UTF8*$!
{
	archiveVersion = 1;
	classes = {
	};
	objectVersion = 50;
	objects = {

/* Begin PBXBuildFile section */
		F44D373520CA254F00007D69 /* xtlv_file.cpp in Sources */ = {isa = PBXBuildFile; fileRef = F44D36FA20CA254F00007D69 /* xtlv_file.cpp */; };
		F44D373620CA254F00007D69 /* xwavfile.cpp in Sources */ = {isa = PBXBuildFile; fileRef = F44D36FB20CA254F00007D69 /* xwavfile.cpp */; };
		F44D374C20CA259300007D69 /* main_audio.cpp in Sources */ = {isa = PBXBuildFile; fileRef = F44D374B20CA259300007D69 /* main_audio.cpp */; };
		F44D375620CA8AB100007D69 /* dsp.c in Sources */ = {isa = PBXBuildFile; fileRef = F44D374F20CA8AB100007D69 /* dsp.c */; };
		F44D375720CA8AB100007D69 /* pesqmain.c in Sources */ = {isa = PBXBuildFile; fileRef = F44D375020CA8AB100007D69 /* pesqmain.c */; };
		F44D375820CA8AB100007D69 /* pesqio.c in Sources */ = {isa = PBXBuildFile; fileRef = F44D375220CA8AB100007D69 /* pesqio.c */; };
		F44D375920CA8AB100007D69 /* pesqmod.c in Sources */ = {isa = PBXBuildFile; fileRef = F44D375320CA8AB100007D69 /* pesqmod.c */; };
		F44D375A20CA8AB100007D69 /* pesqdsp.c in Sources */ = {isa = PBXBuildFile; fileRef = F44D375520CA8AB100007D69 /* pesqdsp.c */; };
/* End PBXBuildFile section */

/* Begin PBXCopyFilesBuildPhase section */
		F44D36CF20CA237C00007D69 /* CopyFiles */ = {
			isa = PBXCopyFilesBuildPhase;
			buildActionMask = 2147483647;
			dstPath = /usr/share/man/man1/;
			dstSubfolderSpec = 0;
			files = (
			);
			runOnlyForDeploymentPostprocessing = 1;
		};
/* End PBXCopyFilesBuildPhase section */

/* Begin PBXFileReference section */
		F44D36D120CA237C00007D69 /* app_audio */ = {isa = PBXFileReference; explicitFileType = "compiled.mach-o.executable"; includeInIndex = 0; path = app_audio; sourceTree = BUILT_PRODUCTS_DIR; };
		F44D36FA20CA254F00007D69 /* xtlv_file.cpp */ = {isa = PBXFileReference; fileEncoding = 4; lastKnownFileType = sourcecode.cpp.cpp; path = xtlv_file.cpp; sourceTree = "<group>"; };
		F44D36FB20CA254F00007D69 /* xwavfile.cpp */ = {isa = PBXFileReference; fileEncoding = 4; lastKnownFileType = sourcecode.cpp.cpp; path = xwavfile.cpp; sourceTree = "<group>"; };
		F44D36FC20CA254F00007D69 /* xwavfile.h */ = {isa = PBXFileReference; fileEncoding = 4; lastKnownFileType = sourcecode.c.h; path = xwavfile.h; sourceTree = "<group>"; };
		F44D370620CA254F00007D69 /* xtlv_file.h */ = {isa = PBXFileReference; fileEncoding = 4; lastKnownFileType = sourcecode.c.h; path = xtlv_file.h; sourceTree = "<group>"; };
		F44D374B20CA259300007D69 /* main_audio.cpp */ = {isa = PBXFileReference; lastKnownFileType = sourcecode.cpp.cpp; path = main_audio.cpp; sourceTree = "<group>"; };
		F44D374E20CA8AB100007D69 /* pesq.h */ = {isa = PBXFileReference; fileEncoding = 4; lastKnownFileType = sourcecode.c.h; path = pesq.h; sourceTree = "<group>"; };
		F44D374F20CA8AB100007D69 /* dsp.c */ = {isa = PBXFileReference; fileEncoding = 4; lastKnownFileType = sourcecode.c.c; path = dsp.c; sourceTree = "<group>"; };
		F44D375020CA8AB100007D69 /* pesqmain.c */ = {isa = PBXFileReference; fileEncoding = 4; lastKnownFileType = sourcecode.c.c; path = pesqmain.c; sourceTree = "<group>"; };
		F44D375120CA8AB100007D69 /* pesqpar.h */ = {isa = PBXFileReference; fileEncoding = 4; lastKnownFileType = sourcecode.c.h; path = pesqpar.h; sourceTree = "<group>"; };
		F44D375220CA8AB100007D69 /* pesqio.c */ = {isa = PBXFileReference; fileEncoding = 4; lastKnownFileType = sourcecode.c.c; path = pesqio.c; sourceTree = "<group>"; };
		F44D375320CA8AB100007D69 /* pesqmod.c */ = {isa = PBXFileReference; fileEncoding = 4; lastKnownFileType = sourcecode.c.c; path = pesqmod.c; sourceTree = "<group>"; };
		F44D375420CA8AB100007D69 /* dsp.h */ = {isa = PBXFileReference; fileEncoding = 4; lastKnownFileType = sourcecode.c.h; path = dsp.h; sourceTree = "<group>"; };
		F44D375520CA8AB100007D69 /* pesqdsp.c */ = {isa = PBXFileReference; fileEncoding = 4; lastKnownFileType = sourcecode.c.c; path = pesqdsp.c; sourceTree = "<group>"; };
		F44D375B20CA91F000007D69 /* pesqmain.h */ = {isa = PBXFileReference; lastKnownFileType = sourcecode.c.h; path = pesqmain.h; sourceTree = "<group>"; };
/* End PBXFileReference section */

/* Begin PBXFrameworksBuildPhase section */
		F44D36CE20CA237C00007D69 /* Frameworks */ = {
			isa = PBXFrameworksBuildPhase;
			buildActionMask = 2147483647;
			files = (
			);
			runOnlyForDeploymentPostprocessing = 0;
		};
/* End PBXFrameworksBuildPhase section */

/* Begin PBXGroup section */
		F44D36C820CA237C00007D69 = {
			isa = PBXGroup;
			children = (
				F44D36E120CA254F00007D69 /* src */,
				F44D36D320CA237C00007D69 /* app_audio */,
				F44D36D220CA237C00007D69 /* Products */,
			);
			sourceTree = "<group>";
		};
		F44D36D220CA237C00007D69 /* Products */ = {
			isa = PBXGroup;
			children = (
				F44D36D120CA237C00007D69 /* app_audio */,
			);
			name = Products;
			sourceTree = "<group>";
		};
		F44D36D320CA237C00007D69 /* app_audio */ = {
			isa = PBXGroup;
			children = (
			);
			path = app_audio;
			sourceTree = "<group>";
		};
		F44D36E120CA254F00007D69 /* src */ = {
			isa = PBXGroup;
			children = (
				F44D374D20CA8AB100007D69 /* pesq */,
				F44D36FA20CA254F00007D69 /* xtlv_file.cpp */,
				F44D370620CA254F00007D69 /* xtlv_file.h */,
				F44D36FB20CA254F00007D69 /* xwavfile.cpp */,
				F44D36FC20CA254F00007D69 /* xwavfile.h */,
				F44D374B20CA259300007D69 /* main_audio.cpp */,
			);
			name = src;
			path = ../src;
			sourceTree = "<group>";
		};
		F44D374D20CA8AB100007D69 /* pesq */ = {
			isa = PBXGroup;
			children = (
				F44D375B20CA91F000007D69 /* pesqmain.h */,
				F44D375020CA8AB100007D69 /* pesqmain.c */,
				F44D374E20CA8AB100007D69 /* pesq.h */,
				F44D375420CA8AB100007D69 /* dsp.h */,
				F44D374F20CA8AB100007D69 /* dsp.c */,
				F44D375120CA8AB100007D69 /* pesqpar.h */,
				F44D375220CA8AB100007D69 /* pesqio.c */,
				F44D375320CA8AB100007D69 /* pesqmod.c */,
				F44D375520CA8AB100007D69 /* pesqdsp.c */,
			);
			path = pesq;
			sourceTree = "<group>";
		};
/* End PBXGroup section */

/* Begin PBXNativeTarget section */
		F44D36D020CA237C00007D69 /* app_audio */ = {
			isa = PBXNativeTarget;
			buildConfigurationList = F44D36D820CA237C00007D69 /* Build configuration list for PBXNativeTarget "app_audio" */;
			buildPhases = (
				F44D36CD20CA237C00007D69 /* Sources */,
				F44D36CE20CA237C00007D69 /* Frameworks */,
				F44D36CF20CA237C00007D69 /* CopyFiles */,
			);
			buildRules = (
			);
			dependencies = (
			);
			name = app_audio;
			productName = app_audio;
			productReference = F44D36D120CA237C00007D69 /* app_audio */;
			productType = "com.apple.product-type.tool";
		};
/* End PBXNativeTarget section */

/* Begin PBXProject section */
		F44D36C920CA237C00007D69 /* Project object */ = {
			isa = PBXProject;
			attributes = {
				LastUpgradeCheck = 0930;
				ORGANIZATIONNAME = easemob;
				TargetAttributes = {
					F44D36D020CA237C00007D69 = {
						CreatedOnToolsVersion = 9.3;
					};
				};
			};
			buildConfigurationList = F44D36CC20CA237C00007D69 /* Build configuration list for PBXProject "app_audio" */;
			compatibilityVersion = "Xcode 9.3";
			developmentRegion = en;
			hasScannedForEncodings = 0;
			knownRegions = (
				en,
			);
			mainGroup = F44D36C820CA237C00007D69;
			productRefGroup = F44D36D220CA237C00007D69 /* Products */;
			projectDirPath = "";
			projectRoot = "";
			targets = (
				F44D36D020CA237C00007D69 /* app_audio */,
			);
		};
/* End PBXProject section */

/* Begin PBXSourcesBuildPhase section */
		F44D36CD20CA237C00007D69 /* Sources */ = {
			isa = PBXSourcesBuildPhase;
			buildActionMask = 2147483647;
			files = (
				F44D373520CA254F00007D69 /* xtlv_file.cpp in Sources */,
				F44D375620CA8AB100007D69 /* dsp.c in Sources */,
				F44D375A20CA8AB100007D69 /* pesqdsp.c in Sources */,
				F44D375820CA8AB100007D69 /* pesqio.c in Sources */,
				F44D374C20CA259300007D69 /* main_audio.cpp in Sources */,
				F44D373620CA254F00007D69 /* xwavfile.cpp in Sources */,
				F44D375920CA8AB100007D69 /* pesqmod.c in Sources */,
				F44D375720CA8AB100007D69 /* pesqmain.c in Sources */,
			);
			runOnlyForDeploymentPostprocessing = 0;
		};
/* End PBXSourcesBuildPhase section */

/* Begin XCBuildConfiguration section */
		F44D36D620CA237C00007D69 /* Debug */ = {
			isa = XCBuildConfiguration;
			buildSettings = {
				ALWAYS_SEARCH_USER_PATHS = NO;
				CLANG_ANALYZER_NONNULL = YES;
				CLANG_ANALYZER_NUMBER_OBJECT_CONVERSION = YES_AGGRESSIVE;
				CLANG_CXX_LANGUAGE_STANDARD = "gnu++14";
				CLANG_CXX_LIBRARY = "libc++";
				CLANG_ENABLE_MODULES = YES;
				CLANG_ENABLE_OBJC_ARC = YES;
				CLANG_ENABLE_OBJC_WEAK = YES;
				CLANG_WARN_BLOCK_CAPTURE_AUTORELEASING = YES;
				CLANG_WARN_BOOL_CONVERSION = YES;
				CLANG_WARN_COMMA = YES;
				CLANG_WARN_CONSTANT_CONVERSION = YES;
				CLANG_WARN_DEPRECATED_OBJC_IMPLEMENTATIONS = YES;
				CLANG_WARN_DIRECT_OBJC_ISA_USAGE = YES_ERROR;
				CLANG_WARN_DOCUMENTATION_COMMENTS = YES;
				CLANG_WARN_EMPTY_BODY = YES;
				CLANG_WARN_ENUM_CONVERSION = YES;
				CLANG_WARN_INFINITE_RECURSION = YES;
				CLANG_WARN_INT_CONVERSION = YES;
				CLANG_WARN_NON_LITERAL_NULL_CONVERSION = YES;
				CLANG_WARN_OBJC_IMPLICIT_RETAIN_SELF = YES;
				CLANG_WARN_OBJC_LITERAL_CONVERSION = YES;
				CLANG_WARN_OBJC_ROOT_CLASS = YES_ERROR;
				CLANG_WARN_RANGE_LOOP_ANALYSIS = YES;
				CLANG_WARN_STRICT_PROTOTYPES = YES;
				CLANG_WARN_SUSPICIOUS_MOVE = YES;
				CLANG_WARN_UNGUARDED_AVAILABILITY = YES_AGGRESSIVE;
				CLANG_WARN_UNREACHABLE_CODE = YES;
				CLANG_WARN__DUPLICATE_METHOD_MATCH = YES;
				CODE_SIGN_IDENTITY = "-";
				COPY_PHASE_STRIP = NO;
				DEBUG_INFORMATION_FORMAT = dwarf;
				ENABLE_STRICT_OBJC_MSGSEND = YES;
				ENABLE_TESTABILITY = YES;
				GCC_C_LANGUAGE_STANDARD = gnu11;
				GCC_DYNAMIC_NO_PIC = NO;
				GCC_NO_COMMON_BLOCKS = YES;
				GCC_OPTIMIZATION_LEVEL = 0;
				GCC_PREPROCESSOR_DEFINITIONS = (
					"DEBUG=1",
					"$(inherited)",
				);
				GCC_WARN_64_TO_32_BIT_CONVERSION = YES;
				GCC_WARN_ABOUT_RETURN_TYPE = YES_ERROR;
				GCC_WARN_UNDECLARED_SELECTOR = YES;
				GCC_WARN_UNINITIALIZED_AUTOS = YES_AGGRESSIVE;
				GCC_WARN_UNUSED_FUNCTION = YES;
				GCC_WARN_UNUSED_VARIABLE = YES;
				MACOSX_DEPLOYMENT_TARGET = 10.13;
				MTL_ENABLE_DEBUG_INFO = YES;
				ONLY_ACTIVE_ARCH = YES;
				SDKROOT = macosx;
			};
			name = Debug;
		};
		F44D36D720CA237C00007D69 /* Release */ = {
			isa = XCBuildConfiguration;
			buildSettings = {
				ALWAYS_SEARCH_USER_PATHS = NO;
				CLANG_ANALYZER_NONNULL = YES;
				CLANG_ANALYZER_NUMBER_OBJECT_CONVERSION = YES_AGGRESSIVE;
				CLANG_CXX_LANGUAGE_STANDARD = "gnu++14";
				CLANG_CXX_LIBRARY = "libc++";
				CLANG_ENABLE_MODULES = YES;
				CLANG_ENABLE_OBJC_ARC = YES;
				CLANG_ENABLE_OBJC_WEAK = YES;
				CLANG_WARN_BLOCK_CAPTURE_AUTORELEASING = YES;
				CLANG_WARN_BOOL_CONVERSION = YES;
				CLANG_WARN_COMMA = YES;
				CLANG_WARN_CONSTANT_CONVERSION = YES;
				CLANG_WARN_DEPRECATED_OBJC_IMPLEMENTATIONS = YES;
				CLANG_WARN_DIRECT_OBJC_ISA_USAGE = YES_ERROR;
				CLANG_WARN_DOCUMENTATION_COMMENTS = YES;
				CLANG_WARN_EMPTY_BODY = YES;
				CLANG_WARN_ENUM_CONVERSION = YES;
				CLANG_WARN_INFINITE_RECURSION = YES;
				CLANG_WARN_INT_CONVERSION = YES;
				CLANG_WARN_NON_LITERAL_NULL_CONVERSION = YES;
				CLANG_WARN_OBJC_IMPLICIT_RETAIN_SELF = YES;
				CLANG_WARN_OBJC_LITERAL_CONVERSION = YES;
				CLANG_WARN_OBJC_ROOT_CLASS = YES_ERROR;
				CLANG_WARN_RANGE_LOOP_ANALYSIS = YES;
				CLANG_WARN_STRICT_PROTOTYPES = YES;
				CLANG_WARN_SUSPICIOUS_MOVE = YES;
				CLANG_WARN_UNGUARDED_AVAILABILITY = YES_AGGRESSIVE;
				CLANG_WARN_UNREACHABLE_CODE = YES;
				CLANG_WARN__DUPLICATE_METHOD_MATCH = YES;
				CODE_SIGN_IDENTITY = "-";
				COPY_PHASE_STRIP = NO;
				DEBUG_INFORMATION_FORMAT = "dwarf-with-dsym";
				ENABLE_NS_ASSERTIONS = NO;
				ENABLE_STRICT_OBJC_MSGSEND = YES;
				GCC_C_LANGUAGE_STANDARD = gnu11;
				GCC_NO_COMMON_BLOCKS = YES;
				GCC_WARN_64_TO_32_BIT_CONVERSION = YES;
				GCC_WARN_ABOUT_RETURN_TYPE = YES_ERROR;
				GCC_WARN_UNDECLARED_SELECTOR = YES;
				GCC_WARN_UNINITIALIZED_AUTOS = YES_AGGRESSIVE;
				GCC_WARN_UNUSED_FUNCTION = YES;
				GCC_WARN_UNUSED_VARIABLE = YES;
				MACOSX_DEPLOYMENT_TARGET = 10.13;
				MTL_ENABLE_DEBUG_INFO = NO;
				SDKROOT = macosx;
			};
			name = Release;
		};
		F44D36D920CA237C00007D69 /* Debug */ = {
			isa = XCBuildConfiguration;
			buildSettings = {
				CODE_SIGN_STYLE = Automatic;
				HEADER_SEARCH_PATHS = (
					"$(PROJECT_DIR)/../../xctools/src",
					/usr/local/Cellar/opus/1.1.4/include/,
				);
				LIBRARY_SEARCH_PATHS = /usr/local/Cellar/opus/1.1.4/lib;
				OTHER_LDFLAGS = /usr/local/Cellar/opus/1.1.4/lib/libopus.a;
				PRODUCT_NAME = "$(TARGET_NAME)";
			};
			name = Debug;
		};
		F44D36DA20CA237C00007D69 /* Release */ = {
			isa = XCBuildConfiguration;
			buildSettings = {
				CODE_SIGN_STYLE = Automatic;
				HEADER_SEARCH_PATHS = (
					"$(PROJECT_DIR)/../../xctools/src",
					/usr/local/Cellar/opus/1.1.4/include/,
				);
				LIBRARY_SEARCH_PATHS = /usr/local/Cellar/opus/1.1.4/lib;
				OTHER_LDFLAGS = /usr/local/Cellar/opus/1.1.4/lib/libopus.a;
				PRODUCT_NAME = "$(TARGET_NAME)";
			};
			name = Release;
		};
/* End XCBuildConfiguration section */

/* Begin XCConfigurationList section */
		F44D36CC20CA237C00007D69 /* Build configuration list for PBXProject "app_audio" */ = {
			isa = XCConfigurationList;
			buildConfigurations = (
				F44D36D620CA237C00007D69 /* Debug */,
				F44D36D720CA237C00007D69 /* Release */,
			);
			defaultConfigurationIsVisible = 0;
			defaultConfigurationName = Release;
		};
		F44D36D820CA237C00007D69 /* Build configuration list for PBXNativeTarget "app_audio" */ = {
			isa = XCConfigurationList;
			buildConfigurations = (
				F44D36D920CA237C00007D69 /* Debug */,
				F44D36DA20CA237C00007D69 /* Release */,
			);
			defaultConfigurationIsVisible = 0;
			defaultConfigurationName = Release;
		};
/* End XCConfigurationList section */
	};
	rootObject = F44D36C920CA237C00007D69 /* Project object */;
}
